// !$*UTF8*$!
{
	archiveVersion = 1;
	classes = {
	};
	objectVersion = 56;
	objects = {

/* Begin PBXBuildFile section */
		DE13357D2A2640DB00D80688 /* EarthView.swift in Sources */ = {isa = PBXBuildFile; fileRef = DE13357C2A2640DB00D80688 /* EarthView.swift */; };
		DE13357F2A26830100D80688 /* ExploreHeader.swift in Sources */ = {isa = PBXBuildFile; fileRef = DE13357E2A26830100D80688 /* ExploreHeader.swift */; };
		DE1335822A26888300D80688 /* EventsViewModel.swift in Sources */ = {isa = PBXBuildFile; fileRef = DE1335812A26888300D80688 /* EventsViewModel.swift */; };
		DE1335842A26891300D80688 /* Event.swift in Sources */ = {isa = PBXBuildFile; fileRef = DE1335832A26891300D80688 /* Event.swift */; };
		DE1335872A268CB500D80688 /* Supabase in Frameworks */ = {isa = PBXBuildFile; productRef = DE1335862A268CB500D80688 /* Supabase */; };
		DE2D85C22A1A681F0010BB98 /* GoogleService-Info.plist in Resources */ = {isa = PBXBuildFile; fileRef = DE2D85C12A1A681F0010BB98 /* GoogleService-Info.plist */; };
		DE2F53E329A9CC7A00805518 /* MovesApp.swift in Sources */ = {isa = PBXBuildFile; fileRef = DE2F53E229A9CC7A00805518 /* MovesApp.swift */; };
		DE2F53E529A9CC7A00805518 /* Router.swift in Sources */ = {isa = PBXBuildFile; fileRef = DE2F53E429A9CC7A00805518 /* Router.swift */; };
		DE2F53E729A9CC7D00805518 /* Assets.xcassets in Resources */ = {isa = PBXBuildFile; fileRef = DE2F53E629A9CC7D00805518 /* Assets.xcassets */; };
		DE2F53EA29A9CC7D00805518 /* Preview Assets.xcassets in Resources */ = {isa = PBXBuildFile; fileRef = DE2F53E929A9CC7D00805518 /* Preview Assets.xcassets */; };
		DE2F53FA29AAC7EE00805518 /* MapboxCommon.xcframework in Frameworks */ = {isa = PBXBuildFile; fileRef = DE2F53F029A9D03500805518 /* MapboxCommon.xcframework */; };
		DE2F53FB29AAC7EE00805518 /* MapboxCommon.xcframework in Embed Frameworks */ = {isa = PBXBuildFile; fileRef = DE2F53F029A9D03500805518 /* MapboxCommon.xcframework */; settings = {ATTRIBUTES = (CodeSignOnCopy, RemoveHeadersOnCopy, ); }; };
		DE2F53FD29AAC7F000805518 /* MapboxCoreMaps.xcframework in Frameworks */ = {isa = PBXBuildFile; fileRef = DE2F53F229A9D06100805518 /* MapboxCoreMaps.xcframework */; };
		DE2F53FE29AAC7F000805518 /* MapboxCoreMaps.xcframework in Embed Frameworks */ = {isa = PBXBuildFile; fileRef = DE2F53F229A9D06100805518 /* MapboxCoreMaps.xcframework */; settings = {ATTRIBUTES = (CodeSignOnCopy, RemoveHeadersOnCopy, ); }; };
		DE2F53FF29AAC7F100805518 /* MapboxMaps.xcframework in Frameworks */ = {isa = PBXBuildFile; fileRef = DE2F53F429A9D06C00805518 /* MapboxMaps.xcframework */; };
		DE2F540029AAC7F100805518 /* MapboxMaps.xcframework in Embed Frameworks */ = {isa = PBXBuildFile; fileRef = DE2F53F429A9D06C00805518 /* MapboxMaps.xcframework */; settings = {ATTRIBUTES = (CodeSignOnCopy, RemoveHeadersOnCopy, ); }; };
		DE2F540129AAC7F300805518 /* MapboxMobileEvents.xcframework in Frameworks */ = {isa = PBXBuildFile; fileRef = DE2F53F629AAC7C700805518 /* MapboxMobileEvents.xcframework */; };
		DE2F540229AAC7F300805518 /* MapboxMobileEvents.xcframework in Embed Frameworks */ = {isa = PBXBuildFile; fileRef = DE2F53F629AAC7C700805518 /* MapboxMobileEvents.xcframework */; settings = {ATTRIBUTES = (CodeSignOnCopy, RemoveHeadersOnCopy, ); }; };
		DE2F540329AAC7F400805518 /* Turf.xcframework in Frameworks */ = {isa = PBXBuildFile; fileRef = DE2F53F829AAC7D600805518 /* Turf.xcframework */; };
		DE2F540429AAC7F400805518 /* Turf.xcframework in Embed Frameworks */ = {isa = PBXBuildFile; fileRef = DE2F53F829AAC7D600805518 /* Turf.xcframework */; settings = {ATTRIBUTES = (CodeSignOnCopy, RemoveHeadersOnCopy, ); }; };
		DE2F540929AACA9700805518 /* User.swift in Sources */ = {isa = PBXBuildFile; fileRef = DE2F540829AACA9700805518 /* User.swift */; };
		DE2F540C29AACB8400805518 /* FirebaseAuth in Frameworks */ = {isa = PBXBuildFile; productRef = DE2F540B29AACB8400805518 /* FirebaseAuth */; };
		DE2F540E29AACB8400805518 /* FirebaseFirestore in Frameworks */ = {isa = PBXBuildFile; productRef = DE2F540D29AACB8400805518 /* FirebaseFirestore */; };
		DE2F541029AACB8400805518 /* FirebaseFunctions in Frameworks */ = {isa = PBXBuildFile; productRef = DE2F540F29AACB8400805518 /* FirebaseFunctions */; };
		DE2F541229AACB8500805518 /* FirebaseStorage in Frameworks */ = {isa = PBXBuildFile; productRef = DE2F541129AACB8500805518 /* FirebaseStorage */; };
		DE2F541629AACE7B00805518 /* AuthViewModel.swift in Sources */ = {isa = PBXBuildFile; fileRef = DE2F541529AACE7B00805518 /* AuthViewModel.swift */; };
		DE2F541929AACF7D00805518 /* LoginView.swift in Sources */ = {isa = PBXBuildFile; fileRef = DE2F541829AACF7D00805518 /* LoginView.swift */; };
		DE2F541B29AACF8800805518 /* RegisterView.swift in Sources */ = {isa = PBXBuildFile; fileRef = DE2F541A29AACF8800805518 /* RegisterView.swift */; };
		DE2F541E29AAD31D00805518 /* CustomTextField.swift in Sources */ = {isa = PBXBuildFile; fileRef = DE2F541D29AAD31D00805518 /* CustomTextField.swift */; };
		DE2F542029AAD3D200805518 /* CustomSecureField.swift in Sources */ = {isa = PBXBuildFile; fileRef = DE2F541F29AAD3D200805518 /* CustomSecureField.swift */; };
		DE2F542629AADD2700805518 /* MapboxView.swift in Sources */ = {isa = PBXBuildFile; fileRef = DE2F542529AADD2700805518 /* MapboxView.swift */; };
		DE2F542829AADDC300805518 /* MapboxViewModel.swift in Sources */ = {isa = PBXBuildFile; fileRef = DE2F542729AADDC300805518 /* MapboxViewModel.swift */; };
		DE2F542D29AADFBF00805518 /* BottomSheetViewModel.swift in Sources */ = {isa = PBXBuildFile; fileRef = DE2F542C29AADFBF00805518 /* BottomSheetViewModel.swift */; };
		DE2F546E29AAE62000805518 /* TasksViewModel.swift in Sources */ = {isa = PBXBuildFile; fileRef = DE2F546D29AAE62000805518 /* TasksViewModel.swift */; };
		DE2F547029AAE67A00805518 /* Task.swift in Sources */ = {isa = PBXBuildFile; fileRef = DE2F546F29AAE67A00805518 /* Task.swift */; };
		DE2F547329AAE90300805518 /* Extensions.swift in Sources */ = {isa = PBXBuildFile; fileRef = DE2F547229AAE90300805518 /* Extensions.swift */; };
		DE2F547529AAE97E00805518 /* UploadTaskViewModel.swift in Sources */ = {isa = PBXBuildFile; fileRef = DE2F547429AAE97E00805518 /* UploadTaskViewModel.swift */; };
		DE50137629BB49CB006F1A90 /* TaskFilterButtons.swift in Sources */ = {isa = PBXBuildFile; fileRef = DE50137529BB49CB006F1A90 /* TaskFilterButtons.swift */; };
		DE50137829BB5E38006F1A90 /* InboxView.swift in Sources */ = {isa = PBXBuildFile; fileRef = DE50137729BB5E38006F1A90 /* InboxView.swift */; };
		DE50137B29BC59B1006F1A90 /* ProjectsViewModel.swift in Sources */ = {isa = PBXBuildFile; fileRef = DE50137A29BC59B1006F1A90 /* ProjectsViewModel.swift */; };
		DE50137D29BC59F6006F1A90 /* Project.swift in Sources */ = {isa = PBXBuildFile; fileRef = DE50137C29BC59F6006F1A90 /* Project.swift */; };
		DE50137F29BC5DDE006F1A90 /* UploadProjectViewModel.swift in Sources */ = {isa = PBXBuildFile; fileRef = DE50137E29BC5DDE006F1A90 /* UploadProjectViewModel.swift */; };
		DE50138129BC5FA8006F1A90 /* ProjectsList.swift in Sources */ = {isa = PBXBuildFile; fileRef = DE50138029BC5FA8006F1A90 /* ProjectsList.swift */; };
		DE50138329BC623F006F1A90 /* NewProject.swift in Sources */ = {isa = PBXBuildFile; fileRef = DE50138229BC623F006F1A90 /* NewProject.swift */; };
		DE50138529BC68C3006F1A90 /* EmptyProjectsList.swift in Sources */ = {isa = PBXBuildFile; fileRef = DE50138429BC68C2006F1A90 /* EmptyProjectsList.swift */; };
		DE50138729BCB370006F1A90 /* FriendsFilterOptions.swift in Sources */ = {isa = PBXBuildFile; fileRef = DE50138629BCB370006F1A90 /* FriendsFilterOptions.swift */; };
		DE744C3829B42336003B020D /* locationPuck.glb in Resources */ = {isa = PBXBuildFile; fileRef = DE744C3729B422FB003B020D /* locationPuck.glb */; };
		DE744C3A29B46102003B020D /* LocationSearchResultCell.swift in Sources */ = {isa = PBXBuildFile; fileRef = DE744C3929B46102003B020D /* LocationSearchResultCell.swift */; };
		DE744C3C29B4629B003B020D /* LocationSearchViewModel.swift in Sources */ = {isa = PBXBuildFile; fileRef = DE744C3B29B4629B003B020D /* LocationSearchViewModel.swift */; };
		DEA718F929B1427E000DD92C /* LocationManager.swift in Sources */ = {isa = PBXBuildFile; fileRef = DEA718F829B1427E000DD92C /* LocationManager.swift */; };
		DEA7190929B18C53000DD92C /* LocationSearchView.swift in Sources */ = {isa = PBXBuildFile; fileRef = DEA7190829B18C53000DD92C /* LocationSearchView.swift */; };
		DEA8B4B729B6B1CF00CACBDD /* TaskFocusNow.swift in Sources */ = {isa = PBXBuildFile; fileRef = DEA8B4B629B6B1CF00CACBDD /* TaskFocusNow.swift */; };
		DEA8B4B929B6C8B200CACBDD /* TasksList.swift in Sources */ = {isa = PBXBuildFile; fileRef = DEA8B4B829B6C8B200CACBDD /* TasksList.swift */; };
		DEA8B4BB29B6C90700CACBDD /* TaskCell.swift in Sources */ = {isa = PBXBuildFile; fileRef = DEA8B4BA29B6C90700CACBDD /* TaskCell.swift */; };
		DEA8B4BD29B7991600CACBDD /* FeaturedCardSkeleton.swift in Sources */ = {isa = PBXBuildFile; fileRef = DEA8B4BC29B7991600CACBDD /* FeaturedCardSkeleton.swift */; };
		DEA8B4DB29B840CF00CACBDD /* TaskDetailSheet.swift in Sources */ = {isa = PBXBuildFile; fileRef = DEA8B4DA29B840CE00CACBDD /* TaskDetailSheet.swift */; };
		DEA8B4DD29B8F9AF00CACBDD /* MapFilterButton.swift in Sources */ = {isa = PBXBuildFile; fileRef = DEA8B4DC29B8F9AF00CACBDD /* MapFilterButton.swift */; };
		DEA8B4DF29B8FA2600CACBDD /* FilterScrollView.swift in Sources */ = {isa = PBXBuildFile; fileRef = DEA8B4DE29B8FA2600CACBDD /* FilterScrollView.swift */; };
		DEA8B4E729B8FB1500CACBDD /* Constants.swift in Sources */ = {isa = PBXBuildFile; fileRef = DEA8B4E629B8FB1500CACBDD /* Constants.swift */; };
		DEA8B4E929B8FCAF00CACBDD /* MessagesHeadline.swift in Sources */ = {isa = PBXBuildFile; fileRef = DEA8B4E829B8FCAF00CACBDD /* MessagesHeadline.swift */; };
		DEA8B4EB29B8FCC500CACBDD /* ConversationCell.swift in Sources */ = {isa = PBXBuildFile; fileRef = DEA8B4EA29B8FCC500CACBDD /* ConversationCell.swift */; };
		DEA8B4ED29B8FD0500CACBDD /* OldFeatureCard.swift in Sources */ = {isa = PBXBuildFile; fileRef = DEA8B4EC29B8FD0500CACBDD /* OldFeatureCard.swift */; };
		DEA8B4EF29B8FD4400CACBDD /* FeaturedCard.swift in Sources */ = {isa = PBXBuildFile; fileRef = DEA8B4EE29B8FD4400CACBDD /* FeaturedCard.swift */; };
		DEA8B4F129B8FDB200CACBDD /* RecommendedTasks.swift in Sources */ = {isa = PBXBuildFile; fileRef = DEA8B4F029B8FDB200CACBDD /* RecommendedTasks.swift */; };
		DEA8B4F429B900CD00CACBDD /* FocusNowHeader.swift in Sources */ = {isa = PBXBuildFile; fileRef = DEA8B4F329B900CD00CACBDD /* FocusNowHeader.swift */; };
		DEA8B4F629B900F000CACBDD /* FriendsHeader.swift in Sources */ = {isa = PBXBuildFile; fileRef = DEA8B4F529B900F000CACBDD /* FriendsHeader.swift */; };
		DEA8B4F829B9011600CACBDD /* HomeTabView.swift in Sources */ = {isa = PBXBuildFile; fileRef = DEA8B4F729B9011600CACBDD /* HomeTabView.swift */; };
		DEA8E65D29BF10CE00BF7531 /* ForYou.swift in Sources */ = {isa = PBXBuildFile; fileRef = DEA8E65C29BF10CE00BF7531 /* ForYou.swift */; };
		DECC1C4729C07600003469DA /* FeedFilterOptions.swift in Sources */ = {isa = PBXBuildFile; fileRef = DECC1C4629C07600003469DA /* FeedFilterOptions.swift */; };
		DEF242D229BAA85900467B6F /* DetailTaskHeader.swift in Sources */ = {isa = PBXBuildFile; fileRef = DEF242D129BAA85900467B6F /* DetailTaskHeader.swift */; };
		DEF242D529BAA89500467B6F /* DetailTask.swift in Sources */ = {isa = PBXBuildFile; fileRef = DEF242D429BAA89500467B6F /* DetailTask.swift */; };
		DEFA4B8029B000DB00F2FCD8 /* WorkoutNow.swift in Sources */ = {isa = PBXBuildFile; fileRef = DEFA4B7F29B000DB00F2FCD8 /* WorkoutNow.swift */; };
		DEFA4B8329B0059100F2FCD8 /* AppHeader.swift in Sources */ = {isa = PBXBuildFile; fileRef = DEFA4B8229B0059100F2FCD8 /* AppHeader.swift */; };
		DEFA4B8B29B0311800F2FCD8 /* BottomSheet in Frameworks */ = {isa = PBXBuildFile; productRef = DEFA4B8A29B0311800F2FCD8 /* BottomSheet */; };
		DEFA4B8E29B04BF900F2FCD8 /* FriendsBottomTab.swift in Sources */ = {isa = PBXBuildFile; fileRef = DEFA4B8D29B04BF900F2FCD8 /* FriendsBottomTab.swift */; };
		DEFA4B9029B0559A00F2FCD8 /* MiniCalendar.swift in Sources */ = {isa = PBXBuildFile; fileRef = DEFA4B8F29B0559A00F2FCD8 /* MiniCalendar.swift */; };
		DEFA4B9429B073C300F2FCD8 /* TaskSheet.swift in Sources */ = {isa = PBXBuildFile; fileRef = DEFA4B9329B073C300F2FCD8 /* TaskSheet.swift */; };
		DEFA4B9629B07D0E00F2FCD8 /* ScheduleSheet.swift in Sources */ = {isa = PBXBuildFile; fileRef = DEFA4B9529B07D0E00F2FCD8 /* ScheduleSheet.swift */; };
		DEFA4B9A29B097DC00F2FCD8 /* ProfileViewModel.swift in Sources */ = {isa = PBXBuildFile; fileRef = DEFA4B9929B097DC00F2FCD8 /* ProfileViewModel.swift */; };
		DEFA4B9C29B09B0D00F2FCD8 /* ProfileView.swift in Sources */ = {isa = PBXBuildFile; fileRef = DEFA4B9B29B09B0D00F2FCD8 /* ProfileView.swift */; };
		DEFA4B9E29B09BA300F2FCD8 /* ProfileHeaderView.swift in Sources */ = {isa = PBXBuildFile; fileRef = DEFA4B9D29B09BA300F2FCD8 /* ProfileHeaderView.swift */; };
		DEFA4BA029B09BB600F2FCD8 /* ProfileActionButtonView.swift in Sources */ = {isa = PBXBuildFile; fileRef = DEFA4B9F29B09BB600F2FCD8 /* ProfileActionButtonView.swift */; };
		DEFA4BA229B09BC400F2FCD8 /* FilterButtonView.swift in Sources */ = {isa = PBXBuildFile; fileRef = DEFA4BA129B09BC400F2FCD8 /* FilterButtonView.swift */; };
		DEFA4BA529B09C9200F2FCD8 /* Kingfisher in Frameworks */ = {isa = PBXBuildFile; productRef = DEFA4BA429B09C9200F2FCD8 /* Kingfisher */; };
		DEFA4BA729B09E1600F2FCD8 /* ImagePickerView.swift in Sources */ = {isa = PBXBuildFile; fileRef = DEFA4BA629B09E1600F2FCD8 /* ImagePickerView.swift */; };
		DEFA4BA929B0B60200F2FCD8 /* Item.swift in Sources */ = {isa = PBXBuildFile; fileRef = DEFA4BA829B0B60200F2FCD8 /* Item.swift */; };
/* End PBXBuildFile section */

/* Begin PBXCopyFilesBuildPhase section */
		DE2F53FC29AAC7EE00805518 /* Embed Frameworks */ = {
			isa = PBXCopyFilesBuildPhase;
			buildActionMask = 2147483647;
			dstPath = "";
			dstSubfolderSpec = 10;
			files = (
				DE2F53FE29AAC7F000805518 /* MapboxCoreMaps.xcframework in Embed Frameworks */,
				DE2F540229AAC7F300805518 /* MapboxMobileEvents.xcframework in Embed Frameworks */,
				DE2F53FB29AAC7EE00805518 /* MapboxCommon.xcframework in Embed Frameworks */,
				DE2F540429AAC7F400805518 /* Turf.xcframework in Embed Frameworks */,
				DE2F540029AAC7F100805518 /* MapboxMaps.xcframework in Embed Frameworks */,
			);
			name = "Embed Frameworks";
			runOnlyForDeploymentPostprocessing = 0;
		};
/* End PBXCopyFilesBuildPhase section */

/* Begin PBXFileReference section */
		DE13357C2A2640DB00D80688 /* EarthView.swift */ = {isa = PBXFileReference; lastKnownFileType = sourcecode.swift; path = EarthView.swift; sourceTree = "<group>"; };
		DE13357E2A26830100D80688 /* ExploreHeader.swift */ = {isa = PBXFileReference; lastKnownFileType = sourcecode.swift; path = ExploreHeader.swift; sourceTree = "<group>"; };
		DE1335812A26888300D80688 /* EventsViewModel.swift */ = {isa = PBXFileReference; lastKnownFileType = sourcecode.swift; path = EventsViewModel.swift; sourceTree = "<group>"; };
		DE1335832A26891300D80688 /* Event.swift */ = {isa = PBXFileReference; lastKnownFileType = sourcecode.swift; path = Event.swift; sourceTree = "<group>"; };
		DE2D85C12A1A681F0010BB98 /* GoogleService-Info.plist */ = {isa = PBXFileReference; fileEncoding = 4; lastKnownFileType = text.plist.xml; path = "GoogleService-Info.plist"; sourceTree = "<group>"; };
		DE2F53DF29A9CC7A00805518 /* Molinar.app */ = {isa = PBXFileReference; explicitFileType = wrapper.application; includeInIndex = 0; path = Molinar.app; sourceTree = BUILT_PRODUCTS_DIR; };
		DE2F53E229A9CC7A00805518 /* MovesApp.swift */ = {isa = PBXFileReference; lastKnownFileType = sourcecode.swift; path = MovesApp.swift; sourceTree = "<group>"; };
		DE2F53E429A9CC7A00805518 /* Router.swift */ = {isa = PBXFileReference; lastKnownFileType = sourcecode.swift; path = Router.swift; sourceTree = "<group>"; };
		DE2F53E629A9CC7D00805518 /* Assets.xcassets */ = {isa = PBXFileReference; lastKnownFileType = folder.assetcatalog; path = Assets.xcassets; sourceTree = "<group>"; };
		DE2F53E929A9CC7D00805518 /* Preview Assets.xcassets */ = {isa = PBXFileReference; lastKnownFileType = folder.assetcatalog; path = "Preview Assets.xcassets"; sourceTree = "<group>"; };
		DE2F53F029A9D03500805518 /* MapboxCommon.xcframework */ = {isa = PBXFileReference; lastKnownFileType = wrapper.xcframework; path = MapboxCommon.xcframework; sourceTree = "<group>"; };
		DE2F53F229A9D06100805518 /* MapboxCoreMaps.xcframework */ = {isa = PBXFileReference; lastKnownFileType = wrapper.xcframework; path = MapboxCoreMaps.xcframework; sourceTree = "<group>"; };
		DE2F53F429A9D06C00805518 /* MapboxMaps.xcframework */ = {isa = PBXFileReference; lastKnownFileType = wrapper.xcframework; path = MapboxMaps.xcframework; sourceTree = "<group>"; };
		DE2F53F629AAC7C700805518 /* MapboxMobileEvents.xcframework */ = {isa = PBXFileReference; lastKnownFileType = wrapper.xcframework; path = MapboxMobileEvents.xcframework; sourceTree = "<group>"; };
		DE2F53F829AAC7D600805518 /* Turf.xcframework */ = {isa = PBXFileReference; lastKnownFileType = wrapper.xcframework; path = Turf.xcframework; sourceTree = "<group>"; };
		DE2F540829AACA9700805518 /* User.swift */ = {isa = PBXFileReference; lastKnownFileType = sourcecode.swift; path = User.swift; sourceTree = "<group>"; };
		DE2F541529AACE7B00805518 /* AuthViewModel.swift */ = {isa = PBXFileReference; fileEncoding = 4; lastKnownFileType = sourcecode.swift; path = AuthViewModel.swift; sourceTree = "<group>"; };
		DE2F541829AACF7D00805518 /* LoginView.swift */ = {isa = PBXFileReference; lastKnownFileType = sourcecode.swift; path = LoginView.swift; sourceTree = "<group>"; };
		DE2F541A29AACF8800805518 /* RegisterView.swift */ = {isa = PBXFileReference; lastKnownFileType = sourcecode.swift; path = RegisterView.swift; sourceTree = "<group>"; };
		DE2F541D29AAD31D00805518 /* CustomTextField.swift */ = {isa = PBXFileReference; lastKnownFileType = sourcecode.swift; path = CustomTextField.swift; sourceTree = "<group>"; };
		DE2F541F29AAD3D200805518 /* CustomSecureField.swift */ = {isa = PBXFileReference; lastKnownFileType = sourcecode.swift; path = CustomSecureField.swift; sourceTree = "<group>"; };
		DE2F542529AADD2700805518 /* MapboxView.swift */ = {isa = PBXFileReference; lastKnownFileType = sourcecode.swift; path = MapboxView.swift; sourceTree = "<group>"; };
		DE2F542729AADDC300805518 /* MapboxViewModel.swift */ = {isa = PBXFileReference; lastKnownFileType = sourcecode.swift; path = MapboxViewModel.swift; sourceTree = "<group>"; };
		DE2F542C29AADFBF00805518 /* BottomSheetViewModel.swift */ = {isa = PBXFileReference; lastKnownFileType = sourcecode.swift; path = BottomSheetViewModel.swift; sourceTree = "<group>"; };
		DE2F546D29AAE62000805518 /* TasksViewModel.swift */ = {isa = PBXFileReference; lastKnownFileType = sourcecode.swift; path = TasksViewModel.swift; sourceTree = "<group>"; };
		DE2F546F29AAE67A00805518 /* Task.swift */ = {isa = PBXFileReference; lastKnownFileType = sourcecode.swift; path = Task.swift; sourceTree = "<group>"; };
		DE2F547229AAE90300805518 /* Extensions.swift */ = {isa = PBXFileReference; lastKnownFileType = sourcecode.swift; path = Extensions.swift; sourceTree = "<group>"; };
		DE2F547429AAE97E00805518 /* UploadTaskViewModel.swift */ = {isa = PBXFileReference; lastKnownFileType = sourcecode.swift; path = UploadTaskViewModel.swift; sourceTree = "<group>"; };
		DE50137529BB49CB006F1A90 /* TaskFilterButtons.swift */ = {isa = PBXFileReference; lastKnownFileType = sourcecode.swift; path = TaskFilterButtons.swift; sourceTree = "<group>"; };
		DE50137729BB5E38006F1A90 /* InboxView.swift */ = {isa = PBXFileReference; lastKnownFileType = sourcecode.swift; path = InboxView.swift; sourceTree = "<group>"; };
		DE50137A29BC59B1006F1A90 /* ProjectsViewModel.swift */ = {isa = PBXFileReference; lastKnownFileType = sourcecode.swift; path = ProjectsViewModel.swift; sourceTree = "<group>"; };
		DE50137C29BC59F6006F1A90 /* Project.swift */ = {isa = PBXFileReference; lastKnownFileType = sourcecode.swift; path = Project.swift; sourceTree = "<group>"; };
		DE50137E29BC5DDE006F1A90 /* UploadProjectViewModel.swift */ = {isa = PBXFileReference; lastKnownFileType = sourcecode.swift; path = UploadProjectViewModel.swift; sourceTree = "<group>"; };
		DE50138029BC5FA8006F1A90 /* ProjectsList.swift */ = {isa = PBXFileReference; lastKnownFileType = sourcecode.swift; path = ProjectsList.swift; sourceTree = "<group>"; };
		DE50138229BC623F006F1A90 /* NewProject.swift */ = {isa = PBXFileReference; lastKnownFileType = sourcecode.swift; path = NewProject.swift; sourceTree = "<group>"; };
		DE50138429BC68C2006F1A90 /* EmptyProjectsList.swift */ = {isa = PBXFileReference; lastKnownFileType = sourcecode.swift; path = EmptyProjectsList.swift; sourceTree = "<group>"; };
		DE50138629BCB370006F1A90 /* FriendsFilterOptions.swift */ = {isa = PBXFileReference; lastKnownFileType = sourcecode.swift; path = FriendsFilterOptions.swift; sourceTree = "<group>"; };
		DE744C3729B422FB003B020D /* locationPuck.glb */ = {isa = PBXFileReference; lastKnownFileType = file; path = locationPuck.glb; sourceTree = "<group>"; };
		DE744C3929B46102003B020D /* LocationSearchResultCell.swift */ = {isa = PBXFileReference; lastKnownFileType = sourcecode.swift; path = LocationSearchResultCell.swift; sourceTree = "<group>"; };
		DE744C3B29B4629B003B020D /* LocationSearchViewModel.swift */ = {isa = PBXFileReference; lastKnownFileType = sourcecode.swift; path = LocationSearchViewModel.swift; sourceTree = "<group>"; };
		DEA718F829B1427E000DD92C /* LocationManager.swift */ = {isa = PBXFileReference; lastKnownFileType = sourcecode.swift; path = LocationManager.swift; sourceTree = "<group>"; };
		DEA7190829B18C53000DD92C /* LocationSearchView.swift */ = {isa = PBXFileReference; lastKnownFileType = sourcecode.swift; path = LocationSearchView.swift; sourceTree = "<group>"; };
		DEA8B4B629B6B1CF00CACBDD /* TaskFocusNow.swift */ = {isa = PBXFileReference; lastKnownFileType = sourcecode.swift; path = TaskFocusNow.swift; sourceTree = "<group>"; };
		DEA8B4B829B6C8B200CACBDD /* TasksList.swift */ = {isa = PBXFileReference; lastKnownFileType = sourcecode.swift; path = TasksList.swift; sourceTree = "<group>"; };
		DEA8B4BA29B6C90700CACBDD /* TaskCell.swift */ = {isa = PBXFileReference; lastKnownFileType = sourcecode.swift; path = TaskCell.swift; sourceTree = "<group>"; };
		DEA8B4BC29B7991600CACBDD /* FeaturedCardSkeleton.swift */ = {isa = PBXFileReference; lastKnownFileType = sourcecode.swift; path = FeaturedCardSkeleton.swift; sourceTree = "<group>"; };
		DEA8B4DA29B840CE00CACBDD /* TaskDetailSheet.swift */ = {isa = PBXFileReference; lastKnownFileType = sourcecode.swift; path = TaskDetailSheet.swift; sourceTree = "<group>"; };
		DEA8B4DC29B8F9AF00CACBDD /* MapFilterButton.swift */ = {isa = PBXFileReference; lastKnownFileType = sourcecode.swift; path = MapFilterButton.swift; sourceTree = "<group>"; };
		DEA8B4DE29B8FA2600CACBDD /* FilterScrollView.swift */ = {isa = PBXFileReference; lastKnownFileType = sourcecode.swift; path = FilterScrollView.swift; sourceTree = "<group>"; };
		DEA8B4E629B8FB1500CACBDD /* Constants.swift */ = {isa = PBXFileReference; lastKnownFileType = sourcecode.swift; path = Constants.swift; sourceTree = "<group>"; };
		DEA8B4E829B8FCAF00CACBDD /* MessagesHeadline.swift */ = {isa = PBXFileReference; lastKnownFileType = sourcecode.swift; path = MessagesHeadline.swift; sourceTree = "<group>"; };
		DEA8B4EA29B8FCC500CACBDD /* ConversationCell.swift */ = {isa = PBXFileReference; lastKnownFileType = sourcecode.swift; path = ConversationCell.swift; sourceTree = "<group>"; };
		DEA8B4EC29B8FD0500CACBDD /* OldFeatureCard.swift */ = {isa = PBXFileReference; lastKnownFileType = sourcecode.swift; path = OldFeatureCard.swift; sourceTree = "<group>"; };
		DEA8B4EE29B8FD4400CACBDD /* FeaturedCard.swift */ = {isa = PBXFileReference; lastKnownFileType = sourcecode.swift; path = FeaturedCard.swift; sourceTree = "<group>"; };
		DEA8B4F029B8FDB200CACBDD /* RecommendedTasks.swift */ = {isa = PBXFileReference; lastKnownFileType = sourcecode.swift; path = RecommendedTasks.swift; sourceTree = "<group>"; };
		DEA8B4F329B900CD00CACBDD /* FocusNowHeader.swift */ = {isa = PBXFileReference; lastKnownFileType = sourcecode.swift; path = FocusNowHeader.swift; sourceTree = "<group>"; };
		DEA8B4F529B900F000CACBDD /* FriendsHeader.swift */ = {isa = PBXFileReference; lastKnownFileType = sourcecode.swift; path = FriendsHeader.swift; sourceTree = "<group>"; };
		DEA8B4F729B9011600CACBDD /* HomeTabView.swift */ = {isa = PBXFileReference; lastKnownFileType = sourcecode.swift; path = HomeTabView.swift; sourceTree = "<group>"; };
		DEA8E65C29BF10CE00BF7531 /* ForYou.swift */ = {isa = PBXFileReference; lastKnownFileType = sourcecode.swift; path = ForYou.swift; sourceTree = "<group>"; };
		DECC1C4629C07600003469DA /* FeedFilterOptions.swift */ = {isa = PBXFileReference; lastKnownFileType = sourcecode.swift; path = FeedFilterOptions.swift; sourceTree = "<group>"; };
		DEF242D129BAA85900467B6F /* DetailTaskHeader.swift */ = {isa = PBXFileReference; lastKnownFileType = sourcecode.swift; path = DetailTaskHeader.swift; sourceTree = "<group>"; };
		DEF242D429BAA89500467B6F /* DetailTask.swift */ = {isa = PBXFileReference; lastKnownFileType = sourcecode.swift; path = DetailTask.swift; sourceTree = "<group>"; };
		DEFA4B7F29B000DB00F2FCD8 /* WorkoutNow.swift */ = {isa = PBXFileReference; lastKnownFileType = sourcecode.swift; path = WorkoutNow.swift; sourceTree = "<group>"; };
		DEFA4B8229B0059100F2FCD8 /* AppHeader.swift */ = {isa = PBXFileReference; lastKnownFileType = sourcecode.swift; path = AppHeader.swift; sourceTree = "<group>"; };
		DEFA4B8D29B04BF900F2FCD8 /* FriendsBottomTab.swift */ = {isa = PBXFileReference; lastKnownFileType = sourcecode.swift; path = FriendsBottomTab.swift; sourceTree = "<group>"; };
		DEFA4B8F29B0559A00F2FCD8 /* MiniCalendar.swift */ = {isa = PBXFileReference; lastKnownFileType = sourcecode.swift; path = MiniCalendar.swift; sourceTree = "<group>"; };
		DEFA4B9329B073C300F2FCD8 /* TaskSheet.swift */ = {isa = PBXFileReference; lastKnownFileType = sourcecode.swift; path = TaskSheet.swift; sourceTree = "<group>"; };
		DEFA4B9529B07D0E00F2FCD8 /* ScheduleSheet.swift */ = {isa = PBXFileReference; lastKnownFileType = sourcecode.swift; path = ScheduleSheet.swift; sourceTree = "<group>"; };
		DEFA4B9929B097DC00F2FCD8 /* ProfileViewModel.swift */ = {isa = PBXFileReference; lastKnownFileType = sourcecode.swift; path = ProfileViewModel.swift; sourceTree = "<group>"; };
		DEFA4B9B29B09B0D00F2FCD8 /* ProfileView.swift */ = {isa = PBXFileReference; lastKnownFileType = sourcecode.swift; path = ProfileView.swift; sourceTree = "<group>"; };
		DEFA4B9D29B09BA300F2FCD8 /* ProfileHeaderView.swift */ = {isa = PBXFileReference; lastKnownFileType = sourcecode.swift; path = ProfileHeaderView.swift; sourceTree = "<group>"; };
		DEFA4B9F29B09BB600F2FCD8 /* ProfileActionButtonView.swift */ = {isa = PBXFileReference; lastKnownFileType = sourcecode.swift; path = ProfileActionButtonView.swift; sourceTree = "<group>"; };
		DEFA4BA129B09BC400F2FCD8 /* FilterButtonView.swift */ = {isa = PBXFileReference; lastKnownFileType = sourcecode.swift; path = FilterButtonView.swift; sourceTree = "<group>"; };
		DEFA4BA629B09E1600F2FCD8 /* ImagePickerView.swift */ = {isa = PBXFileReference; fileEncoding = 4; lastKnownFileType = sourcecode.swift; path = ImagePickerView.swift; sourceTree = "<group>"; };
		DEFA4BA829B0B60200F2FCD8 /* Item.swift */ = {isa = PBXFileReference; lastKnownFileType = sourcecode.swift; path = Item.swift; sourceTree = "<group>"; };
/* End PBXFileReference section */

/* Begin PBXFrameworksBuildPhase section */
		DE2F53DC29A9CC7A00805518 /* Frameworks */ = {
			isa = PBXFrameworksBuildPhase;
			buildActionMask = 2147483647;
			files = (
				DE2F53FD29AAC7F000805518 /* MapboxCoreMaps.xcframework in Frameworks */,
				DE2F540C29AACB8400805518 /* FirebaseAuth in Frameworks */,
				DE2F541229AACB8500805518 /* FirebaseStorage in Frameworks */,
				DE2F53FA29AAC7EE00805518 /* MapboxCommon.xcframework in Frameworks */,
				DE2F541029AACB8400805518 /* FirebaseFunctions in Frameworks */,
				DEFA4B8B29B0311800F2FCD8 /* BottomSheet in Frameworks */,
				DE2F53FF29AAC7F100805518 /* MapboxMaps.xcframework in Frameworks */,
				DE2F540329AAC7F400805518 /* Turf.xcframework in Frameworks */,
				DE1335872A268CB500D80688 /* Supabase in Frameworks */,
				DEFA4BA529B09C9200F2FCD8 /* Kingfisher in Frameworks */,
				DE2F540129AAC7F300805518 /* MapboxMobileEvents.xcframework in Frameworks */,
				DE2F540E29AACB8400805518 /* FirebaseFirestore in Frameworks */,
			);
			runOnlyForDeploymentPostprocessing = 0;
		};
/* End PBXFrameworksBuildPhase section */

/* Begin PBXGroup section */
		DE1335792A263E8F00D80688 /* Messaging */ = {
			isa = PBXGroup;
			children = (
			);
			path = Messaging;
			sourceTree = "<group>";
		};
		DE13357A2A263EA500D80688 /* Immersive */ = {
			isa = PBXGroup;
			children = (
			);
			path = Immersive;
			sourceTree = "<group>";
		};
		DE13357B2A263F7300D80688 /* EarthView */ = {
			isa = PBXGroup;
			children = (
				DE13357C2A2640DB00D80688 /* EarthView.swift */,
			);
			path = EarthView;
			sourceTree = "<group>";
		};
		DE1335802A26886100D80688 /* Events */ = {
			isa = PBXGroup;
			children = (
				DE1335812A26888300D80688 /* EventsViewModel.swift */,
			);
			path = Events;
			sourceTree = "<group>";
		};
		DE2F53D629A9CC7900805518 = {
			isa = PBXGroup;
			children = (
				DE2F53F829AAC7D600805518 /* Turf.xcframework */,
				DE2F53F629AAC7C700805518 /* MapboxMobileEvents.xcframework */,
				DE2F53F429A9D06C00805518 /* MapboxMaps.xcframework */,
				DE2F53F229A9D06100805518 /* MapboxCoreMaps.xcframework */,
				DE2F53F029A9D03500805518 /* MapboxCommon.xcframework */,
				DE2F53E129A9CC7A00805518 /* Molinar */,
				DE2F53E029A9CC7A00805518 /* Products */,
			);
			sourceTree = "<group>";
		};
		DE2F53E029A9CC7A00805518 /* Products */ = {
			isa = PBXGroup;
			children = (
				DE2F53DF29A9CC7A00805518 /* Molinar.app */,
			);
			name = Products;
			sourceTree = "<group>";
		};
		DE2F53E129A9CC7A00805518 /* Molinar */ = {
			isa = PBXGroup;
			children = (
				DEA8B4E529B8FAFC00CACBDD /* Constants */,
				DE744C3529B41F1A003B020D /* BlenderModels */,
				DEA718F529B14212000DD92C /* Managers */,
				DEA718F429B141F4000DD92C /* App */,
				DEA718F329B141DB000DD92C /* Core */,
				DE2F547129AAE8B800805518 /* Extensions */,
				DE2F540629AACA8300805518 /* Models */,
				DE2F540529AACA7600805518 /* ViewModels */,
				DE2F53E629A9CC7D00805518 /* Assets.xcassets */,
				DE2D85C12A1A681F0010BB98 /* GoogleService-Info.plist */,
				DE2F53E829A9CC7D00805518 /* Preview Content */,
			);
			path = Molinar;
			sourceTree = "<group>";
		};
		DE2F53E829A9CC7D00805518 /* Preview Content */ = {
			isa = PBXGroup;
			children = (
				DE2F53E929A9CC7D00805518 /* Preview Assets.xcassets */,
			);
			path = "Preview Content";
			sourceTree = "<group>";
		};
		DE2F540529AACA7600805518 /* ViewModels */ = {
			isa = PBXGroup;
			children = (
				DE1335802A26886100D80688 /* Events */,
				DE50137929BC5999006F1A90 /* Projects */,
				DEA8B4E429B8FADE00CACBDD /* Profile */,
				DEA8B4E329B8FAD700CACBDD /* Auth */,
				DEA8B4E129B8FAC400CACBDD /* BottomSheet */,
				DEA8B4E029B8FABC00CACBDD /* Mapbox */,
				DE2F546C29AAE5FD00805518 /* Tasks */,
			);
			path = ViewModels;
			sourceTree = "<group>";
		};
		DE2F540629AACA8300805518 /* Models */ = {
			isa = PBXGroup;
			children = (
				DE2F540829AACA9700805518 /* User.swift */,
				DE2F546F29AAE67A00805518 /* Task.swift */,
				DEFA4BA829B0B60200F2FCD8 /* Item.swift */,
				DE50137C29BC59F6006F1A90 /* Project.swift */,
				DE1335832A26891300D80688 /* Event.swift */,
			);
			path = Models;
			sourceTree = "<group>";
		};
		DE2F540729AACA8800805518 /* Views */ = {
			isa = PBXGroup;
			children = (
				DEFA4B9229B0656600F2FCD8 /* Sheet */,
				DEFA4B9129B0613900F2FCD8 /* Profile */,
				DEFA4B8129B0058200F2FCD8 /* Header */,
				DE2F545B29AAE14100805518 /* BottomViews */,
				DE2F541C29AAD31000805518 /* Components */,
			);
			path = Views;
			sourceTree = "<group>";
		};
		DE2F541729AACF6F00805518 /* Authentication */ = {
			isa = PBXGroup;
			children = (
				DEFA4BA629B09E1600F2FCD8 /* ImagePickerView.swift */,
				DE2F541829AACF7D00805518 /* LoginView.swift */,
				DE2F541A29AACF8800805518 /* RegisterView.swift */,
			);
			path = Authentication;
			sourceTree = "<group>";
		};
		DE2F541C29AAD31000805518 /* Components */ = {
			isa = PBXGroup;
			children = (
				DE2F541D29AAD31D00805518 /* CustomTextField.swift */,
				DE2F541F29AAD3D200805518 /* CustomSecureField.swift */,
			);
			path = Components;
			sourceTree = "<group>";
		};
		DE2F542129AAD45300805518 /* WorldRouter */ = {
			isa = PBXGroup;
			children = (
				DE2F53E429A9CC7A00805518 /* Router.swift */,
				DE13357B2A263F7300D80688 /* EarthView */,
				DE2F541729AACF6F00805518 /* Authentication */,
			);
			path = WorldRouter;
			sourceTree = "<group>";
		};
		DE2F542429AADCFF00805518 /* Map */ = {
			isa = PBXGroup;
			children = (
				DE2F542929AADDDE00805518 /* MapUI */,
				DE2F542529AADD2700805518 /* MapboxView.swift */,
			);
			path = Map;
			sourceTree = "<group>";
		};
		DE2F542929AADDDE00805518 /* MapUI */ = {
			isa = PBXGroup;
			children = (
				DEFA4B8F29B0559A00F2FCD8 /* MiniCalendar.swift */,
				DEA8B4DC29B8F9AF00CACBDD /* MapFilterButton.swift */,
				DEA8B4DE29B8FA2600CACBDD /* FilterScrollView.swift */,
			);
			path = MapUI;
			sourceTree = "<group>";
		};
		DE2F545B29AAE14100805518 /* BottomViews */ = {
			isa = PBXGroup;
			children = (
				DEA8B4F229B900BF00CACBDD /* Headers */,
				DEFA4B7B29AFEF0600F2FCD8 /* Screens */,
			);
			path = BottomViews;
			sourceTree = "<group>";
		};
		DE2F546C29AAE5FD00805518 /* Tasks */ = {
			isa = PBXGroup;
			children = (
				DE2F546D29AAE62000805518 /* TasksViewModel.swift */,
				DE2F547429AAE97E00805518 /* UploadTaskViewModel.swift */,
			);
			path = Tasks;
			sourceTree = "<group>";
		};
		DE2F547129AAE8B800805518 /* Extensions */ = {
			isa = PBXGroup;
			children = (
				DE2F547229AAE90300805518 /* Extensions.swift */,
			);
			path = Extensions;
			sourceTree = "<group>";
		};
		DE50137929BC5999006F1A90 /* Projects */ = {
			isa = PBXGroup;
			children = (
				DE50137A29BC59B1006F1A90 /* ProjectsViewModel.swift */,
				DE50137E29BC5DDE006F1A90 /* UploadProjectViewModel.swift */,
			);
			path = Projects;
			sourceTree = "<group>";
		};
		DE744C3529B41F1A003B020D /* BlenderModels */ = {
			isa = PBXGroup;
			children = (
				DE744C3729B422FB003B020D /* locationPuck.glb */,
			);
			path = BlenderModels;
			sourceTree = "<group>";
		};
		DEA718F329B141DB000DD92C /* Core */ = {
			isa = PBXGroup;
			children = (
				DE2F542429AADCFF00805518 /* Map */,
				DE13357A2A263EA500D80688 /* Immersive */,
				DE1335792A263E8F00D80688 /* Messaging */,
				DE2F542129AAD45300805518 /* WorldRouter */,
				DEA7190529B18BD3000DD92C /* LocationSearch */,
				DEA7190429B18BB6000DD92C /* Home */,
			);
			path = Core;
			sourceTree = "<group>";
		};
		DEA718F429B141F4000DD92C /* App */ = {
			isa = PBXGroup;
			children = (
				DE2F53E229A9CC7A00805518 /* MovesApp.swift */,
			);
			path = App;
			sourceTree = "<group>";
		};
		DEA718F529B14212000DD92C /* Managers */ = {
			isa = PBXGroup;
			children = (
				DEA718F829B1427E000DD92C /* LocationManager.swift */,
			);
			path = Managers;
			sourceTree = "<group>";
		};
		DEA7190429B18BB6000DD92C /* Home */ = {
			isa = PBXGroup;
			children = (
				DECC1C4629C07600003469DA /* FeedFilterOptions.swift */,
				DEA8B4F729B9011600CACBDD /* HomeTabView.swift */,
				DE2F540729AACA8800805518 /* Views */,
			);
			path = Home;
			sourceTree = "<group>";
		};
		DEA7190529B18BD3000DD92C /* LocationSearch */ = {
			isa = PBXGroup;
			children = (
				DEA7190729B18BF2000DD92C /* ViewModel */,
				DEA7190629B18BEC000DD92C /* Views */,
			);
			path = LocationSearch;
			sourceTree = "<group>";
		};
		DEA7190629B18BEC000DD92C /* Views */ = {
			isa = PBXGroup;
			children = (
				DEA7190829B18C53000DD92C /* LocationSearchView.swift */,
				DE744C3929B46102003B020D /* LocationSearchResultCell.swift */,
			);
			path = Views;
			sourceTree = "<group>";
		};
		DEA7190729B18BF2000DD92C /* ViewModel */ = {
			isa = PBXGroup;
			children = (
				DE744C3B29B4629B003B020D /* LocationSearchViewModel.swift */,
			);
			path = ViewModel;
			sourceTree = "<group>";
		};
		DEA8B4E029B8FABC00CACBDD /* Mapbox */ = {
			isa = PBXGroup;
			children = (
				DE2F542729AADDC300805518 /* MapboxViewModel.swift */,
			);
			path = Mapbox;
			sourceTree = "<group>";
		};
		DEA8B4E129B8FAC400CACBDD /* BottomSheet */ = {
			isa = PBXGroup;
			children = (
				DEA8B4E229B8FACF00CACBDD /* New Group */,
				DE2F542C29AADFBF00805518 /* BottomSheetViewModel.swift */,
			);
			path = BottomSheet;
			sourceTree = "<group>";
		};
		DEA8B4E229B8FACF00CACBDD /* New Group */ = {
			isa = PBXGroup;
			children = (
			);
			path = "New Group";
			sourceTree = "<group>";
		};
		DEA8B4E329B8FAD700CACBDD /* Auth */ = {
			isa = PBXGroup;
			children = (
				DE2F541529AACE7B00805518 /* AuthViewModel.swift */,
			);
			path = Auth;
			sourceTree = "<group>";
		};
		DEA8B4E429B8FADE00CACBDD /* Profile */ = {
			isa = PBXGroup;
			children = (
				DEFA4B9929B097DC00F2FCD8 /* ProfileViewModel.swift */,
			);
			path = Profile;
			sourceTree = "<group>";
		};
		DEA8B4E529B8FAFC00CACBDD /* Constants */ = {
			isa = PBXGroup;
			children = (
				DEA8B4E629B8FB1500CACBDD /* Constants.swift */,
			);
			path = Constants;
			sourceTree = "<group>";
		};
		DEA8B4F229B900BF00CACBDD /* Headers */ = {
			isa = PBXGroup;
			children = (
				DEF242D129BAA85900467B6F /* DetailTaskHeader.swift */,
				DEA8B4F329B900CD00CACBDD /* FocusNowHeader.swift */,
				DEA8B4F529B900F000CACBDD /* FriendsHeader.swift */,
				DE13357E2A26830100D80688 /* ExploreHeader.swift */,
			);
			path = Headers;
			sourceTree = "<group>";
		};
		DEF242D329BAA88600467B6F /* Task */ = {
			isa = PBXGroup;
			children = (
				DE50138029BC5FA8006F1A90 /* ProjectsList.swift */,
				DE50137529BB49CB006F1A90 /* TaskFilterButtons.swift */,
				DEA8B4DA29B840CE00CACBDD /* TaskDetailSheet.swift */,
				DEA8B4B629B6B1CF00CACBDD /* TaskFocusNow.swift */,
				DEA8B4B829B6C8B200CACBDD /* TasksList.swift */,
				DEA8B4BA29B6C90700CACBDD /* TaskCell.swift */,
				DEF242D429BAA89500467B6F /* DetailTask.swift */,
			);
			path = Task;
			sourceTree = "<group>";
		};
		DEFA4B7B29AFEF0600F2FCD8 /* Screens */ = {
			isa = PBXGroup;
			children = (
				DEF242D329BAA88600467B6F /* Task */,
				DEFA4B8C29B04B9200F2FCD8 /* Friends */,
				DEFA4B7E29B000CD00F2FCD8 /* FocusNow */,
			);
			path = Screens;
			sourceTree = "<group>";
		};
		DEFA4B7E29B000CD00F2FCD8 /* FocusNow */ = {
			isa = PBXGroup;
			children = (
				DEFA4B7F29B000DB00F2FCD8 /* WorkoutNow.swift */,
				DEA8B4BC29B7991600CACBDD /* FeaturedCardSkeleton.swift */,
				DEA8B4EC29B8FD0500CACBDD /* OldFeatureCard.swift */,
				DEA8B4EE29B8FD4400CACBDD /* FeaturedCard.swift */,
				DEA8B4F029B8FDB200CACBDD /* RecommendedTasks.swift */,
				DE50137729BB5E38006F1A90 /* InboxView.swift */,
				DE50138429BC68C2006F1A90 /* EmptyProjectsList.swift */,
				DEA8E65C29BF10CE00BF7531 /* ForYou.swift */,
			);
			path = FocusNow;
			sourceTree = "<group>";
		};
		DEFA4B8129B0058200F2FCD8 /* Header */ = {
			isa = PBXGroup;
			children = (
				DEFA4B8229B0059100F2FCD8 /* AppHeader.swift */,
			);
			path = Header;
			sourceTree = "<group>";
		};
		DEFA4B8C29B04B9200F2FCD8 /* Friends */ = {
			isa = PBXGroup;
			children = (
				DEFA4B8D29B04BF900F2FCD8 /* FriendsBottomTab.swift */,
				DEA8B4E829B8FCAF00CACBDD /* MessagesHeadline.swift */,
				DEA8B4EA29B8FCC500CACBDD /* ConversationCell.swift */,
				DE50138629BCB370006F1A90 /* FriendsFilterOptions.swift */,
			);
			path = Friends;
			sourceTree = "<group>";
		};
		DEFA4B9129B0613900F2FCD8 /* Profile */ = {
			isa = PBXGroup;
			children = (
				DEFA4B9B29B09B0D00F2FCD8 /* ProfileView.swift */,
				DEFA4B9D29B09BA300F2FCD8 /* ProfileHeaderView.swift */,
				DEFA4B9F29B09BB600F2FCD8 /* ProfileActionButtonView.swift */,
				DEFA4BA129B09BC400F2FCD8 /* FilterButtonView.swift */,
			);
			path = Profile;
			sourceTree = "<group>";
		};
		DEFA4B9229B0656600F2FCD8 /* Sheet */ = {
			isa = PBXGroup;
			children = (
				DEFA4B9329B073C300F2FCD8 /* TaskSheet.swift */,
				DEFA4B9529B07D0E00F2FCD8 /* ScheduleSheet.swift */,
				DE50138229BC623F006F1A90 /* NewProject.swift */,
			);
			path = Sheet;
			sourceTree = "<group>";
		};
/* End PBXGroup section */

/* Begin PBXNativeTarget section */
		DE2F53DE29A9CC7A00805518 /* Molinar */ = {
			isa = PBXNativeTarget;
			buildConfigurationList = DE2F53ED29A9CC7D00805518 /* Build configuration list for PBXNativeTarget "Molinar" */;
			buildPhases = (
				DE2F53DB29A9CC7A00805518 /* Sources */,
				DE2F53DC29A9CC7A00805518 /* Frameworks */,
				DE2F53DD29A9CC7A00805518 /* Resources */,
				DE2F53FC29AAC7EE00805518 /* Embed Frameworks */,
			);
			buildRules = (
			);
			dependencies = (
			);
			name = Molinar;
			packageProductDependencies = (
				DE2F540B29AACB8400805518 /* FirebaseAuth */,
				DE2F540D29AACB8400805518 /* FirebaseFirestore */,
				DE2F540F29AACB8400805518 /* FirebaseFunctions */,
				DE2F541129AACB8500805518 /* FirebaseStorage */,
				DEFA4B8A29B0311800F2FCD8 /* BottomSheet */,
				DEFA4BA429B09C9200F2FCD8 /* Kingfisher */,
				DE1335862A268CB500D80688 /* Supabase */,
			);
			productName = Molinar;
			productReference = DE2F53DF29A9CC7A00805518 /* Molinar.app */;
			productType = "com.apple.product-type.application";
		};
/* End PBXNativeTarget section */

/* Begin PBXProject section */
		DE2F53D729A9CC7900805518 /* Project object */ = {
			isa = PBXProject;
			attributes = {
				BuildIndependentTargetsInParallel = 1;
				LastSwiftUpdateCheck = 1420;
				LastUpgradeCheck = 1420;
				TargetAttributes = {
					DE2F53DE29A9CC7A00805518 = {
						CreatedOnToolsVersion = 14.2;
					};
				};
			};
			buildConfigurationList = DE2F53DA29A9CC7900805518 /* Build configuration list for PBXProject "Molinar" */;
			compatibilityVersion = "Xcode 14.0";
			developmentRegion = en;
			hasScannedForEncodings = 0;
			knownRegions = (
				en,
				Base,
			);
			mainGroup = DE2F53D629A9CC7900805518;
			packageReferences = (
				DE2F540A29AACB8400805518 /* XCRemoteSwiftPackageReference "firebase-ios-sdk" */,
				DEFA4B8929B0311800F2FCD8 /* XCRemoteSwiftPackageReference "BottomSheet" */,
				DEFA4BA329B09C9200F2FCD8 /* XCRemoteSwiftPackageReference "Kingfisher" */,
				DE1335852A268CB500D80688 /* XCRemoteSwiftPackageReference "supabase-swift" */,
			);
			productRefGroup = DE2F53E029A9CC7A00805518 /* Products */;
			projectDirPath = "";
			projectRoot = "";
			targets = (
				DE2F53DE29A9CC7A00805518 /* Molinar */,
			);
		};
/* End PBXProject section */

/* Begin PBXResourcesBuildPhase section */
		DE2F53DD29A9CC7A00805518 /* Resources */ = {
			isa = PBXResourcesBuildPhase;
			buildActionMask = 2147483647;
			files = (
				DE744C3829B42336003B020D /* locationPuck.glb in Resources */,
				DE2F53EA29A9CC7D00805518 /* Preview Assets.xcassets in Resources */,
				DE2F53E729A9CC7D00805518 /* Assets.xcassets in Resources */,
				DE2D85C22A1A681F0010BB98 /* GoogleService-Info.plist in Resources */,
			);
			runOnlyForDeploymentPostprocessing = 0;
		};
/* End PBXResourcesBuildPhase section */

/* Begin PBXSourcesBuildPhase section */
		DE2F53DB29A9CC7A00805518 /* Sources */ = {
			isa = PBXSourcesBuildPhase;
			buildActionMask = 2147483647;
			files = (
				DE50138329BC623F006F1A90 /* NewProject.swift in Sources */,
				DEA8B4F129B8FDB200CACBDD /* RecommendedTasks.swift in Sources */,
				DEA8B4B929B6C8B200CACBDD /* TasksList.swift in Sources */,
				DEFA4BA729B09E1600F2FCD8 /* ImagePickerView.swift in Sources */,
				DE50137B29BC59B1006F1A90 /* ProjectsViewModel.swift in Sources */,
				DE50137F29BC5DDE006F1A90 /* UploadProjectViewModel.swift in Sources */,
				DEA8B4B729B6B1CF00CACBDD /* TaskFocusNow.swift in Sources */,
				DE2F542029AAD3D200805518 /* CustomSecureField.swift in Sources */,
				DEA718F929B1427E000DD92C /* LocationManager.swift in Sources */,
				DE13357F2A26830100D80688 /* ExploreHeader.swift in Sources */,
				DEFA4B9429B073C300F2FCD8 /* TaskSheet.swift in Sources */,
				DE744C3A29B46102003B020D /* LocationSearchResultCell.swift in Sources */,
				DEFA4B9029B0559A00F2FCD8 /* MiniCalendar.swift in Sources */,
				DE50138729BCB370006F1A90 /* FriendsFilterOptions.swift in Sources */,
				DEFA4B9E29B09BA300F2FCD8 /* ProfileHeaderView.swift in Sources */,
				DEA7190929B18C53000DD92C /* LocationSearchView.swift in Sources */,
				DE2F546E29AAE62000805518 /* TasksViewModel.swift in Sources */,
				DEA8B4DD29B8F9AF00CACBDD /* MapFilterButton.swift in Sources */,
				DEA8B4EB29B8FCC500CACBDD /* ConversationCell.swift in Sources */,
				DEFA4B8E29B04BF900F2FCD8 /* FriendsBottomTab.swift in Sources */,
				DEA8E65D29BF10CE00BF7531 /* ForYou.swift in Sources */,
				DE2F541E29AAD31D00805518 /* CustomTextField.swift in Sources */,
				DEA8B4F629B900F000CACBDD /* FriendsHeader.swift in Sources */,
				DE2F547529AAE97E00805518 /* UploadTaskViewModel.swift in Sources */,
				DE50138529BC68C3006F1A90 /* EmptyProjectsList.swift in Sources */,
				DE2F541629AACE7B00805518 /* AuthViewModel.swift in Sources */,
				DE2F53E529A9CC7A00805518 /* Router.swift in Sources */,
				DEFA4B9629B07D0E00F2FCD8 /* ScheduleSheet.swift in Sources */,
				DE744C3C29B4629B003B020D /* LocationSearchViewModel.swift in Sources */,
				DE2F53E329A9CC7A00805518 /* MovesApp.swift in Sources */,
				DE50137629BB49CB006F1A90 /* TaskFilterButtons.swift in Sources */,
				DE2F541B29AACF8800805518 /* RegisterView.swift in Sources */,
				DEFA4B9A29B097DC00F2FCD8 /* ProfileViewModel.swift in Sources */,
				DEFA4BA029B09BB600F2FCD8 /* ProfileActionButtonView.swift in Sources */,
				DE2F547329AAE90300805518 /* Extensions.swift in Sources */,
				DEF242D529BAA89500467B6F /* DetailTask.swift in Sources */,
				DEA8B4ED29B8FD0500CACBDD /* OldFeatureCard.swift in Sources */,
				DEFA4BA229B09BC400F2FCD8 /* FilterButtonView.swift in Sources */,
				DEFA4B8029B000DB00F2FCD8 /* WorkoutNow.swift in Sources */,
				DE2F542D29AADFBF00805518 /* BottomSheetViewModel.swift in Sources */,
				DE2F541929AACF7D00805518 /* LoginView.swift in Sources */,
				DEA8B4EF29B8FD4400CACBDD /* FeaturedCard.swift in Sources */,
				DEFA4B9C29B09B0D00F2FCD8 /* ProfileView.swift in Sources */,
				DEA8B4BD29B7991600CACBDD /* FeaturedCardSkeleton.swift in Sources */,
				DEA8B4F429B900CD00CACBDD /* FocusNowHeader.swift in Sources */,
				DEA8B4DF29B8FA2600CACBDD /* FilterScrollView.swift in Sources */,
				DEA8B4E929B8FCAF00CACBDD /* MessagesHeadline.swift in Sources */,
				DE2F542829AADDC300805518 /* MapboxViewModel.swift in Sources */,
				DE50137829BB5E38006F1A90 /* InboxView.swift in Sources */,
				DE1335822A26888300D80688 /* EventsViewModel.swift in Sources */,
				DEA8B4F829B9011600CACBDD /* HomeTabView.swift in Sources */,
				DE2F542629AADD2700805518 /* MapboxView.swift in Sources */,
				DEA8B4BB29B6C90700CACBDD /* TaskCell.swift in Sources */,
				DECC1C4729C07600003469DA /* FeedFilterOptions.swift in Sources */,
				DE2F547029AAE67A00805518 /* Task.swift in Sources */,
				DEFA4B8329B0059100F2FCD8 /* AppHeader.swift in Sources */,
				DEFA4BA929B0B60200F2FCD8 /* Item.swift in Sources */,
				DEA8B4E729B8FB1500CACBDD /* Constants.swift in Sources */,
				DE50138129BC5FA8006F1A90 /* ProjectsList.swift in Sources */,
				DE2F540929AACA9700805518 /* User.swift in Sources */,
				DEA8B4DB29B840CF00CACBDD /* TaskDetailSheet.swift in Sources */,
				DE13357D2A2640DB00D80688 /* EarthView.swift in Sources */,
				DEF242D229BAA85900467B6F /* DetailTaskHeader.swift in Sources */,
				DE50137D29BC59F6006F1A90 /* Project.swift in Sources */,
				DE1335842A26891300D80688 /* Event.swift in Sources */,
			);
			runOnlyForDeploymentPostprocessing = 0;
		};
/* End PBXSourcesBuildPhase section */

/* Begin XCBuildConfiguration section */
		DE2F53EB29A9CC7D00805518 /* Debug */ = {
			isa = XCBuildConfiguration;
			buildSettings = {
				ALWAYS_SEARCH_USER_PATHS = NO;
				CLANG_ANALYZER_NONNULL = YES;
				CLANG_ANALYZER_NUMBER_OBJECT_CONVERSION = YES_AGGRESSIVE;
				CLANG_CXX_LANGUAGE_STANDARD = "gnu++20";
				CLANG_ENABLE_MODULES = YES;
				CLANG_ENABLE_OBJC_ARC = YES;
				CLANG_ENABLE_OBJC_WEAK = YES;
				CLANG_WARN_BLOCK_CAPTURE_AUTORELEASING = YES;
				CLANG_WARN_BOOL_CONVERSION = YES;
				CLANG_WARN_COMMA = YES;
				CLANG_WARN_CONSTANT_CONVERSION = YES;
				CLANG_WARN_DEPRECATED_OBJC_IMPLEMENTATIONS = YES;
				CLANG_WARN_DIRECT_OBJC_ISA_USAGE = YES_ERROR;
				CLANG_WARN_DOCUMENTATION_COMMENTS = YES;
				CLANG_WARN_EMPTY_BODY = YES;
				CLANG_WARN_ENUM_CONVERSION = YES;
				CLANG_WARN_INFINITE_RECURSION = YES;
				CLANG_WARN_INT_CONVERSION = YES;
				CLANG_WARN_NON_LITERAL_NULL_CONVERSION = YES;
				CLANG_WARN_OBJC_IMPLICIT_RETAIN_SELF = YES;
				CLANG_WARN_OBJC_LITERAL_CONVERSION = YES;
				CLANG_WARN_OBJC_ROOT_CLASS = YES_ERROR;
				CLANG_WARN_QUOTED_INCLUDE_IN_FRAMEWORK_HEADER = YES;
				CLANG_WARN_RANGE_LOOP_ANALYSIS = YES;
				CLANG_WARN_STRICT_PROTOTYPES = YES;
				CLANG_WARN_SUSPICIOUS_MOVE = YES;
				CLANG_WARN_UNGUARDED_AVAILABILITY = YES_AGGRESSIVE;
				CLANG_WARN_UNREACHABLE_CODE = YES;
				CLANG_WARN__DUPLICATE_METHOD_MATCH = YES;
				COPY_PHASE_STRIP = NO;
				DEBUG_INFORMATION_FORMAT = dwarf;
				ENABLE_STRICT_OBJC_MSGSEND = YES;
				ENABLE_TESTABILITY = YES;
				GCC_C_LANGUAGE_STANDARD = gnu11;
				GCC_DYNAMIC_NO_PIC = NO;
				GCC_NO_COMMON_BLOCKS = YES;
				GCC_OPTIMIZATION_LEVEL = 0;
				GCC_PREPROCESSOR_DEFINITIONS = (
					"DEBUG=1",
					"$(inherited)",
				);
				GCC_WARN_64_TO_32_BIT_CONVERSION = YES;
				GCC_WARN_ABOUT_RETURN_TYPE = YES_ERROR;
				GCC_WARN_UNDECLARED_SELECTOR = YES;
				GCC_WARN_UNINITIALIZED_AUTOS = YES_AGGRESSIVE;
				GCC_WARN_UNUSED_FUNCTION = YES;
				GCC_WARN_UNUSED_VARIABLE = YES;
				IPHONEOS_DEPLOYMENT_TARGET = 16.2;
				MTL_ENABLE_DEBUG_INFO = INCLUDE_SOURCE;
				MTL_FAST_MATH = YES;
				ONLY_ACTIVE_ARCH = YES;
				SDKROOT = iphoneos;
				SWIFT_ACTIVE_COMPILATION_CONDITIONS = DEBUG;
				SWIFT_OPTIMIZATION_LEVEL = "-Onone";
			};
			name = Debug;
		};
		DE2F53EC29A9CC7D00805518 /* Release */ = {
			isa = XCBuildConfiguration;
			buildSettings = {
				ALWAYS_SEARCH_USER_PATHS = NO;
				CLANG_ANALYZER_NONNULL = YES;
				CLANG_ANALYZER_NUMBER_OBJECT_CONVERSION = YES_AGGRESSIVE;
				CLANG_CXX_LANGUAGE_STANDARD = "gnu++20";
				CLANG_ENABLE_MODULES = YES;
				CLANG_ENABLE_OBJC_ARC = YES;
				CLANG_ENABLE_OBJC_WEAK = YES;
				CLANG_WARN_BLOCK_CAPTURE_AUTORELEASING = YES;
				CLANG_WARN_BOOL_CONVERSION = YES;
				CLANG_WARN_COMMA = YES;
				CLANG_WARN_CONSTANT_CONVERSION = YES;
				CLANG_WARN_DEPRECATED_OBJC_IMPLEMENTATIONS = YES;
				CLANG_WARN_DIRECT_OBJC_ISA_USAGE = YES_ERROR;
				CLANG_WARN_DOCUMENTATION_COMMENTS = YES;
				CLANG_WARN_EMPTY_BODY = YES;
				CLANG_WARN_ENUM_CONVERSION = YES;
				CLANG_WARN_INFINITE_RECURSION = YES;
				CLANG_WARN_INT_CONVERSION = YES;
				CLANG_WARN_NON_LITERAL_NULL_CONVERSION = YES;
				CLANG_WARN_OBJC_IMPLICIT_RETAIN_SELF = YES;
				CLANG_WARN_OBJC_LITERAL_CONVERSION = YES;
				CLANG_WARN_OBJC_ROOT_CLASS = YES_ERROR;
				CLANG_WARN_QUOTED_INCLUDE_IN_FRAMEWORK_HEADER = YES;
				CLANG_WARN_RANGE_LOOP_ANALYSIS = YES;
				CLANG_WARN_STRICT_PROTOTYPES = YES;
				CLANG_WARN_SUSPICIOUS_MOVE = YES;
				CLANG_WARN_UNGUARDED_AVAILABILITY = YES_AGGRESSIVE;
				CLANG_WARN_UNREACHABLE_CODE = YES;
				CLANG_WARN__DUPLICATE_METHOD_MATCH = YES;
				COPY_PHASE_STRIP = NO;
				DEBUG_INFORMATION_FORMAT = "dwarf-with-dsym";
				ENABLE_NS_ASSERTIONS = NO;
				ENABLE_STRICT_OBJC_MSGSEND = YES;
				GCC_C_LANGUAGE_STANDARD = gnu11;
				GCC_NO_COMMON_BLOCKS = YES;
				GCC_WARN_64_TO_32_BIT_CONVERSION = YES;
				GCC_WARN_ABOUT_RETURN_TYPE = YES_ERROR;
				GCC_WARN_UNDECLARED_SELECTOR = YES;
				GCC_WARN_UNINITIALIZED_AUTOS = YES_AGGRESSIVE;
				GCC_WARN_UNUSED_FUNCTION = YES;
				GCC_WARN_UNUSED_VARIABLE = YES;
				IPHONEOS_DEPLOYMENT_TARGET = 16.2;
				MTL_ENABLE_DEBUG_INFO = NO;
				MTL_FAST_MATH = YES;
				SDKROOT = iphoneos;
				SWIFT_COMPILATION_MODE = wholemodule;
				SWIFT_OPTIMIZATION_LEVEL = "-O";
				VALIDATE_PRODUCT = YES;
			};
			name = Release;
		};
		DE2F53EE29A9CC7D00805518 /* Debug */ = {
			isa = XCBuildConfiguration;
			buildSettings = {
				ASSETCATALOG_COMPILER_APPICON_NAME = AppIcon;
				ASSETCATALOG_COMPILER_GLOBAL_ACCENT_COLOR_NAME = AccentColor;
				CODE_SIGN_STYLE = Automatic;
				CURRENT_PROJECT_VERSION = 1;
				DEVELOPMENT_ASSET_PATHS = "\"Molinar/Preview Content\"";
				DEVELOPMENT_TEAM = F88F3V85M7;
				ENABLE_PREVIEWS = YES;
				GENERATE_INFOPLIST_FILE = YES;
				INFOPLIST_KEY_CFBundleDisplayName = Moves;
				INFOPLIST_KEY_LSApplicationCategoryType = "public.app-category.lifestyle";
				INFOPLIST_KEY_NSLocationWhenInUseUsageDescription = "Your precise location is used to calculate step-by-step tasks, show your location on the map, and increase security of friend requests.";
				INFOPLIST_KEY_UIApplicationSceneManifest_Generation = YES;
				INFOPLIST_KEY_UIApplicationSupportsIndirectInputEvents = YES;
				INFOPLIST_KEY_UILaunchScreen_Generation = YES;
				INFOPLIST_KEY_UISupportedInterfaceOrientations_iPad = "UIInterfaceOrientationPortrait UIInterfaceOrientationPortraitUpsideDown UIInterfaceOrientationLandscapeLeft UIInterfaceOrientationLandscapeRight";
				INFOPLIST_KEY_UISupportedInterfaceOrientations_iPhone = "UIInterfaceOrientationPortrait UIInterfaceOrientationLandscapeLeft UIInterfaceOrientationLandscapeRight";
				LD_RUNPATH_SEARCH_PATHS = (
					"$(inherited)",
					"@executable_path/Frameworks",
				);
				MARKETING_VERSION = 1.0;
				PRODUCT_BUNDLE_IDENTIFIER = co.molinar.Molinar;
				PRODUCT_NAME = "$(TARGET_NAME)";
				SWIFT_EMIT_LOC_STRINGS = YES;
				SWIFT_VERSION = 5.0;
				TARGETED_DEVICE_FAMILY = "1,2";
			};
			name = Debug;
		};
		DE2F53EF29A9CC7D00805518 /* Release */ = {
			isa = XCBuildConfiguration;
			buildSettings = {
				ASSETCATALOG_COMPILER_APPICON_NAME = AppIcon;
				ASSETCATALOG_COMPILER_GLOBAL_ACCENT_COLOR_NAME = AccentColor;
				CODE_SIGN_STYLE = Automatic;
				CURRENT_PROJECT_VERSION = 1;
				DEVELOPMENT_ASSET_PATHS = "\"Molinar/Preview Content\"";
				DEVELOPMENT_TEAM = F88F3V85M7;
				ENABLE_PREVIEWS = YES;
				GENERATE_INFOPLIST_FILE = YES;
				INFOPLIST_KEY_CFBundleDisplayName = Moves;
				INFOPLIST_KEY_LSApplicationCategoryType = "public.app-category.lifestyle";
				INFOPLIST_KEY_NSLocationWhenInUseUsageDescription = "Your precise location is used to calculate step-by-step tasks, show your location on the map, and increase security of friend requests.";
				INFOPLIST_KEY_UIApplicationSceneManifest_Generation = YES;
				INFOPLIST_KEY_UIApplicationSupportsIndirectInputEvents = YES;
				INFOPLIST_KEY_UILaunchScreen_Generation = YES;
				INFOPLIST_KEY_UISupportedInterfaceOrientations_iPad = "UIInterfaceOrientationPortrait UIInterfaceOrientationPortraitUpsideDown UIInterfaceOrientationLandscapeLeft UIInterfaceOrientationLandscapeRight";
				INFOPLIST_KEY_UISupportedInterfaceOrientations_iPhone = "UIInterfaceOrientationPortrait UIInterfaceOrientationLandscapeLeft UIInterfaceOrientationLandscapeRight";
				LD_RUNPATH_SEARCH_PATHS = (
					"$(inherited)",
					"@executable_path/Frameworks",
				);
				MARKETING_VERSION = 1.0;
				PRODUCT_BUNDLE_IDENTIFIER = co.molinar.Molinar;
				PRODUCT_NAME = "$(TARGET_NAME)";
				SWIFT_EMIT_LOC_STRINGS = YES;
				SWIFT_VERSION = 5.0;
				TARGETED_DEVICE_FAMILY = "1,2";
			};
			name = Release;
		};
/* End XCBuildConfiguration section */

/* Begin XCConfigurationList section */
		DE2F53DA29A9CC7900805518 /* Build configuration list for PBXProject "Molinar" */ = {
			isa = XCConfigurationList;
			buildConfigurations = (
				DE2F53EB29A9CC7D00805518 /* Debug */,
				DE2F53EC29A9CC7D00805518 /* Release */,
			);
			defaultConfigurationIsVisible = 0;
			defaultConfigurationName = Release;
		};
		DE2F53ED29A9CC7D00805518 /* Build configuration list for PBXNativeTarget "Molinar" */ = {
			isa = XCConfigurationList;
			buildConfigurations = (
				DE2F53EE29A9CC7D00805518 /* Debug */,
				DE2F53EF29A9CC7D00805518 /* Release */,
			);
			defaultConfigurationIsVisible = 0;
			defaultConfigurationName = Release;
		};
/* End XCConfigurationList section */

/* Begin XCRemoteSwiftPackageReference section */
		DE1335852A268CB500D80688 /* XCRemoteSwiftPackageReference "supabase-swift" */ = {
			isa = XCRemoteSwiftPackageReference;
			repositoryURL = "https://github.com/supabase/supabase-swift.git";
			requirement = {
				kind = upToNextMajorVersion;
				minimumVersion = 0.2.1;
			};
		};
		DE2F540A29AACB8400805518 /* XCRemoteSwiftPackageReference "firebase-ios-sdk" */ = {
			isa = XCRemoteSwiftPackageReference;
			repositoryURL = "https://github.com/firebase/firebase-ios-sdk";
			requirement = {
				kind = upToNextMajorVersion;
				minimumVersion = 9.0.0;
			};
		};
		DEFA4B8929B0311800F2FCD8 /* XCRemoteSwiftPackageReference "BottomSheet" */ = {
			isa = XCRemoteSwiftPackageReference;
			repositoryURL = "https://github.com/lucaszischka/BottomSheet";
			requirement = {
				kind = upToNextMajorVersion;
				minimumVersion = 3.0.0;
			};
		};
		DEFA4BA329B09C9200F2FCD8 /* XCRemoteSwiftPackageReference "Kingfisher" */ = {
			isa = XCRemoteSwiftPackageReference;
			repositoryURL = "https://github.com/onevcat/Kingfisher.git";
			requirement = {
				kind = upToNextMajorVersion;
				minimumVersion = 7.0.0;
			};
		};
/* End XCRemoteSwiftPackageReference section */

/* Begin XCSwiftPackageProductDependency section */
		DE1335862A268CB500D80688 /* Supabase */ = {
			isa = XCSwiftPackageProductDependency;
			package = DE1335852A268CB500D80688 /* XCRemoteSwiftPackageReference "supabase-swift" */;
			productName = Supabase;
		};
		DE2F540B29AACB8400805518 /* FirebaseAuth */ = {
			isa = XCSwiftPackageProductDependency;
			package = DE2F540A29AACB8400805518 /* XCRemoteSwiftPackageReference "firebase-ios-sdk" */;
			productName = FirebaseAuth;
		};
		DE2F540D29AACB8400805518 /* FirebaseFirestore */ = {
			isa = XCSwiftPackageProductDependency;
			package = DE2F540A29AACB8400805518 /* XCRemoteSwiftPackageReference "firebase-ios-sdk" */;
			productName = FirebaseFirestore;
		};
		DE2F540F29AACB8400805518 /* FirebaseFunctions */ = {
			isa = XCSwiftPackageProductDependency;
			package = DE2F540A29AACB8400805518 /* XCRemoteSwiftPackageReference "firebase-ios-sdk" */;
			productName = FirebaseFunctions;
		};
		DE2F541129AACB8500805518 /* FirebaseStorage */ = {
			isa = XCSwiftPackageProductDependency;
			package = DE2F540A29AACB8400805518 /* XCRemoteSwiftPackageReference "firebase-ios-sdk" */;
			productName = FirebaseStorage;
		};
		DEFA4B8A29B0311800F2FCD8 /* BottomSheet */ = {
			isa = XCSwiftPackageProductDependency;
			package = DEFA4B8929B0311800F2FCD8 /* XCRemoteSwiftPackageReference "BottomSheet" */;
			productName = BottomSheet;
		};
		DEFA4BA429B09C9200F2FCD8 /* Kingfisher */ = {
			isa = XCSwiftPackageProductDependency;
			package = DEFA4BA329B09C9200F2FCD8 /* XCRemoteSwiftPackageReference "Kingfisher" */;
			productName = Kingfisher;
		};
/* End XCSwiftPackageProductDependency section */
	};
	rootObject = DE2F53D729A9CC7900805518 /* Project object */;
}
