// !$*UTF8*$!
{
	archiveVersion = 1;
	classes = {
	};
	objectVersion = 56;
	objects = {

/* Begin PBXBuildFile section */
		DE2F53E329A9CC7A00805518 /* MolinarApp.swift in Sources */ = {isa = PBXBuildFile; fileRef = DE2F53E229A9CC7A00805518 /* MolinarApp.swift */; };
		DE2F53E529A9CC7A00805518 /* ContentView.swift in Sources */ = {isa = PBXBuildFile; fileRef = DE2F53E429A9CC7A00805518 /* ContentView.swift */; };
		DE2F53E729A9CC7D00805518 /* Assets.xcassets in Resources */ = {isa = PBXBuildFile; fileRef = DE2F53E629A9CC7D00805518 /* Assets.xcassets */; };
		DE2F53EA29A9CC7D00805518 /* Preview Assets.xcassets in Resources */ = {isa = PBXBuildFile; fileRef = DE2F53E929A9CC7D00805518 /* Preview Assets.xcassets */; };
		DE2F53FA29AAC7EE00805518 /* MapboxCommon.xcframework in Frameworks */ = {isa = PBXBuildFile; fileRef = DE2F53F029A9D03500805518 /* MapboxCommon.xcframework */; };
		DE2F53FB29AAC7EE00805518 /* MapboxCommon.xcframework in Embed Frameworks */ = {isa = PBXBuildFile; fileRef = DE2F53F029A9D03500805518 /* MapboxCommon.xcframework */; settings = {ATTRIBUTES = (CodeSignOnCopy, RemoveHeadersOnCopy, ); }; };
		DE2F53FD29AAC7F000805518 /* MapboxCoreMaps.xcframework in Frameworks */ = {isa = PBXBuildFile; fileRef = DE2F53F229A9D06100805518 /* MapboxCoreMaps.xcframework */; };
		DE2F53FE29AAC7F000805518 /* MapboxCoreMaps.xcframework in Embed Frameworks */ = {isa = PBXBuildFile; fileRef = DE2F53F229A9D06100805518 /* MapboxCoreMaps.xcframework */; settings = {ATTRIBUTES = (CodeSignOnCopy, RemoveHeadersOnCopy, ); }; };
		DE2F53FF29AAC7F100805518 /* MapboxMaps.xcframework in Frameworks */ = {isa = PBXBuildFile; fileRef = DE2F53F429A9D06C00805518 /* MapboxMaps.xcframework */; };
		DE2F540029AAC7F100805518 /* MapboxMaps.xcframework in Embed Frameworks */ = {isa = PBXBuildFile; fileRef = DE2F53F429A9D06C00805518 /* MapboxMaps.xcframework */; settings = {ATTRIBUTES = (CodeSignOnCopy, RemoveHeadersOnCopy, ); }; };
		DE2F540129AAC7F300805518 /* MapboxMobileEvents.xcframework in Frameworks */ = {isa = PBXBuildFile; fileRef = DE2F53F629AAC7C700805518 /* MapboxMobileEvents.xcframework */; };
		DE2F540229AAC7F300805518 /* MapboxMobileEvents.xcframework in Embed Frameworks */ = {isa = PBXBuildFile; fileRef = DE2F53F629AAC7C700805518 /* MapboxMobileEvents.xcframework */; settings = {ATTRIBUTES = (CodeSignOnCopy, RemoveHeadersOnCopy, ); }; };
		DE2F540329AAC7F400805518 /* Turf.xcframework in Frameworks */ = {isa = PBXBuildFile; fileRef = DE2F53F829AAC7D600805518 /* Turf.xcframework */; };
		DE2F540429AAC7F400805518 /* Turf.xcframework in Embed Frameworks */ = {isa = PBXBuildFile; fileRef = DE2F53F829AAC7D600805518 /* Turf.xcframework */; settings = {ATTRIBUTES = (CodeSignOnCopy, RemoveHeadersOnCopy, ); }; };
		DE2F540929AACA9700805518 /* User.swift in Sources */ = {isa = PBXBuildFile; fileRef = DE2F540829AACA9700805518 /* User.swift */; };
		DE2F540C29AACB8400805518 /* FirebaseAuth in Frameworks */ = {isa = PBXBuildFile; productRef = DE2F540B29AACB8400805518 /* FirebaseAuth */; };
		DE2F540E29AACB8400805518 /* FirebaseFirestore in Frameworks */ = {isa = PBXBuildFile; productRef = DE2F540D29AACB8400805518 /* FirebaseFirestore */; };
		DE2F541029AACB8400805518 /* FirebaseFunctions in Frameworks */ = {isa = PBXBuildFile; productRef = DE2F540F29AACB8400805518 /* FirebaseFunctions */; };
		DE2F541229AACB8500805518 /* FirebaseStorage in Frameworks */ = {isa = PBXBuildFile; productRef = DE2F541129AACB8500805518 /* FirebaseStorage */; };
		DE2F541429AACE0500805518 /* GoogleService-Info.plist in Resources */ = {isa = PBXBuildFile; fileRef = DE2F541329AACE0400805518 /* GoogleService-Info.plist */; };
/* End PBXBuildFile section */

/* Begin PBXCopyFilesBuildPhase section */
		DE2F53FC29AAC7EE00805518 /* Embed Frameworks */ = {
			isa = PBXCopyFilesBuildPhase;
			buildActionMask = 2147483647;
			dstPath = "";
			dstSubfolderSpec = 10;
			files = (
				DE2F53FE29AAC7F000805518 /* MapboxCoreMaps.xcframework in Embed Frameworks */,
				DE2F540229AAC7F300805518 /* MapboxMobileEvents.xcframework in Embed Frameworks */,
				DE2F53FB29AAC7EE00805518 /* MapboxCommon.xcframework in Embed Frameworks */,
				DE2F540429AAC7F400805518 /* Turf.xcframework in Embed Frameworks */,
				DE2F540029AAC7F100805518 /* MapboxMaps.xcframework in Embed Frameworks */,
			);
			name = "Embed Frameworks";
			runOnlyForDeploymentPostprocessing = 0;
		};
/* End PBXCopyFilesBuildPhase section */

/* Begin PBXFileReference section */
		DE2F53DF29A9CC7A00805518 /* Molinar.app */ = {isa = PBXFileReference; explicitFileType = wrapper.application; includeInIndex = 0; path = Molinar.app; sourceTree = BUILT_PRODUCTS_DIR; };
		DE2F53E229A9CC7A00805518 /* MolinarApp.swift */ = {isa = PBXFileReference; lastKnownFileType = sourcecode.swift; path = MolinarApp.swift; sourceTree = "<group>"; };
		DE2F53E429A9CC7A00805518 /* ContentView.swift */ = {isa = PBXFileReference; lastKnownFileType = sourcecode.swift; path = ContentView.swift; sourceTree = "<group>"; };
		DE2F53E629A9CC7D00805518 /* Assets.xcassets */ = {isa = PBXFileReference; lastKnownFileType = folder.assetcatalog; path = Assets.xcassets; sourceTree = "<group>"; };
		DE2F53E929A9CC7D00805518 /* Preview Assets.xcassets */ = {isa = PBXFileReference; lastKnownFileType = folder.assetcatalog; path = "Preview Assets.xcassets"; sourceTree = "<group>"; };
		DE2F53F029A9D03500805518 /* MapboxCommon.xcframework */ = {isa = PBXFileReference; lastKnownFileType = wrapper.xcframework; path = MapboxCommon.xcframework; sourceTree = "<group>"; };
		DE2F53F229A9D06100805518 /* MapboxCoreMaps.xcframework */ = {isa = PBXFileReference; lastKnownFileType = wrapper.xcframework; path = MapboxCoreMaps.xcframework; sourceTree = "<group>"; };
		DE2F53F429A9D06C00805518 /* MapboxMaps.xcframework */ = {isa = PBXFileReference; lastKnownFileType = wrapper.xcframework; path = MapboxMaps.xcframework; sourceTree = "<group>"; };
		DE2F53F629AAC7C700805518 /* MapboxMobileEvents.xcframework */ = {isa = PBXFileReference; lastKnownFileType = wrapper.xcframework; path = MapboxMobileEvents.xcframework; sourceTree = "<group>"; };
		DE2F53F829AAC7D600805518 /* Turf.xcframework */ = {isa = PBXFileReference; lastKnownFileType = wrapper.xcframework; path = Turf.xcframework; sourceTree = "<group>"; };
		DE2F540829AACA9700805518 /* User.swift */ = {isa = PBXFileReference; lastKnownFileType = sourcecode.swift; path = User.swift; sourceTree = "<group>"; };
		DE2F541329AACE0400805518 /* GoogleService-Info.plist */ = {isa = PBXFileReference; fileEncoding = 4; lastKnownFileType = text.plist.xml; path = "GoogleService-Info.plist"; sourceTree = "<group>"; };
/* End PBXFileReference section */

/* Begin PBXFrameworksBuildPhase section */
		DE2F53DC29A9CC7A00805518 /* Frameworks */ = {
			isa = PBXFrameworksBuildPhase;
			buildActionMask = 2147483647;
			files = (
				DE2F53FD29AAC7F000805518 /* MapboxCoreMaps.xcframework in Frameworks */,
				DE2F540C29AACB8400805518 /* FirebaseAuth in Frameworks */,
				DE2F541229AACB8500805518 /* FirebaseStorage in Frameworks */,
				DE2F53FA29AAC7EE00805518 /* MapboxCommon.xcframework in Frameworks */,
				DE2F541029AACB8400805518 /* FirebaseFunctions in Frameworks */,
				DE2F53FF29AAC7F100805518 /* MapboxMaps.xcframework in Frameworks */,
				DE2F540329AAC7F400805518 /* Turf.xcframework in Frameworks */,
				DE2F540129AAC7F300805518 /* MapboxMobileEvents.xcframework in Frameworks */,
				DE2F540E29AACB8400805518 /* FirebaseFirestore in Frameworks */,
			);
			runOnlyForDeploymentPostprocessing = 0;
		};
/* End PBXFrameworksBuildPhase section */

/* Begin PBXGroup section */
		DE2F53D629A9CC7900805518 = {
			isa = PBXGroup;
			children = (
				DE2F53F829AAC7D600805518 /* Turf.xcframework */,
				DE2F53F629AAC7C700805518 /* MapboxMobileEvents.xcframework */,
				DE2F53F429A9D06C00805518 /* MapboxMaps.xcframework */,
				DE2F53F229A9D06100805518 /* MapboxCoreMaps.xcframework */,
				DE2F53F029A9D03500805518 /* MapboxCommon.xcframework */,
				DE2F53E129A9CC7A00805518 /* Molinar */,
				DE2F53E029A9CC7A00805518 /* Products */,
			);
			sourceTree = "<group>";
		};
		DE2F53E029A9CC7A00805518 /* Products */ = {
			isa = PBXGroup;
			children = (
				DE2F53DF29A9CC7A00805518 /* Molinar.app */,
			);
			name = Products;
			sourceTree = "<group>";
		};
		DE2F53E129A9CC7A00805518 /* Molinar */ = {
			isa = PBXGroup;
			children = (
				DE2F541329AACE0400805518 /* GoogleService-Info.plist */,
				DE2F540729AACA8800805518 /* View */,
				DE2F540629AACA8300805518 /* Model */,
				DE2F540529AACA7600805518 /* ViewModels */,
				DE2F53E229A9CC7A00805518 /* MolinarApp.swift */,
				DE2F53E429A9CC7A00805518 /* ContentView.swift */,
				DE2F53E629A9CC7D00805518 /* Assets.xcassets */,
				DE2F53E829A9CC7D00805518 /* Preview Content */,
			);
			path = Molinar;
			sourceTree = "<group>";
		};
		DE2F53E829A9CC7D00805518 /* Preview Content */ = {
			isa = PBXGroup;
			children = (
				DE2F53E929A9CC7D00805518 /* Preview Assets.xcassets */,
			);
			path = "Preview Content";
			sourceTree = "<group>";
		};
		DE2F540529AACA7600805518 /* ViewModels */ = {
			isa = PBXGroup;
			children = (
			);
			path = ViewModels;
			sourceTree = "<group>";
		};
		DE2F540629AACA8300805518 /* Model */ = {
			isa = PBXGroup;
			children = (
				DE2F540829AACA9700805518 /* User.swift */,
			);
			path = Model;
			sourceTree = "<group>";
		};
		DE2F540729AACA8800805518 /* View */ = {
			isa = PBXGroup;
			children = (
			);
			path = View;
			sourceTree = "<group>";
		};
/* End PBXGroup section */

/* Begin PBXNativeTarget section */
		DE2F53DE29A9CC7A00805518 /* Molinar */ = {
			isa = PBXNativeTarget;
			buildConfigurationList = DE2F53ED29A9CC7D00805518 /* Build configuration list for PBXNativeTarget "Molinar" */;
			buildPhases = (
				DE2F53DB29A9CC7A00805518 /* Sources */,
				DE2F53DC29A9CC7A00805518 /* Frameworks */,
				DE2F53DD29A9CC7A00805518 /* Resources */,
				DE2F53FC29AAC7EE00805518 /* Embed Frameworks */,
			);
			buildRules = (
			);
			dependencies = (
			);
			name = Molinar;
			packageProductDependencies = (
				DE2F540B29AACB8400805518 /* FirebaseAuth */,
				DE2F540D29AACB8400805518 /* FirebaseFirestore */,
				DE2F540F29AACB8400805518 /* FirebaseFunctions */,
				DE2F541129AACB8500805518 /* FirebaseStorage */,
			);
			productName = Molinar;
			productReference = DE2F53DF29A9CC7A00805518 /* Molinar.app */;
			productType = "com.apple.product-type.application";
		};
/* End PBXNativeTarget section */

/* Begin PBXProject section */
		DE2F53D729A9CC7900805518 /* Project object */ = {
			isa = PBXProject;
			attributes = {
				BuildIndependentTargetsInParallel = 1;
				LastSwiftUpdateCheck = 1420;
				LastUpgradeCheck = 1420;
				TargetAttributes = {
					DE2F53DE29A9CC7A00805518 = {
						CreatedOnToolsVersion = 14.2;
					};
				};
			};
			buildConfigurationList = DE2F53DA29A9CC7900805518 /* Build configuration list for PBXProject "Molinar" */;
			compatibilityVersion = "Xcode 14.0";
			developmentRegion = en;
			hasScannedForEncodings = 0;
			knownRegions = (
				en,
				Base,
			);
			mainGroup = DE2F53D629A9CC7900805518;
			packageReferences = (
				DE2F540A29AACB8400805518 /* XCRemoteSwiftPackageReference "firebase-ios-sdk" */,
			);
			productRefGroup = DE2F53E029A9CC7A00805518 /* Products */;
			projectDirPath = "";
			projectRoot = "";
			targets = (
				DE2F53DE29A9CC7A00805518 /* Molinar */,
			);
		};
/* End PBXProject section */

/* Begin PBXResourcesBuildPhase section */
		DE2F53DD29A9CC7A00805518 /* Resources */ = {
			isa = PBXResourcesBuildPhase;
			buildActionMask = 2147483647;
			files = (
				DE2F53EA29A9CC7D00805518 /* Preview Assets.xcassets in Resources */,
				DE2F53E729A9CC7D00805518 /* Assets.xcassets in Resources */,
				DE2F541429AACE0500805518 /* GoogleService-Info.plist in Resources */,
			);
			runOnlyForDeploymentPostprocessing = 0;
		};
/* End PBXResourcesBuildPhase section */

/* Begin PBXSourcesBuildPhase section */
		DE2F53DB29A9CC7A00805518 /* Sources */ = {
			isa = PBXSourcesBuildPhase;
			buildActionMask = 2147483647;
			files = (
				DE2F53E529A9CC7A00805518 /* ContentView.swift in Sources */,
				DE2F53E329A9CC7A00805518 /* MolinarApp.swift in Sources */,
				DE2F540929AACA9700805518 /* User.swift in Sources */,
			);
			runOnlyForDeploymentPostprocessing = 0;
		};
/* End PBXSourcesBuildPhase section */

/* Begin XCBuildConfiguration section */
		DE2F53EB29A9CC7D00805518 /* Debug */ = {
			isa = XCBuildConfiguration;
			buildSettings = {
				ALWAYS_SEARCH_USER_PATHS = NO;
				CLANG_ANALYZER_NONNULL = YES;
				CLANG_ANALYZER_NUMBER_OBJECT_CONVERSION = YES_AGGRESSIVE;
				CLANG_CXX_LANGUAGE_STANDARD = "gnu++20";
				CLANG_ENABLE_MODULES = YES;
				CLANG_ENABLE_OBJC_ARC = YES;
				CLANG_ENABLE_OBJC_WEAK = YES;
				CLANG_WARN_BLOCK_CAPTURE_AUTORELEASING = YES;
				CLANG_WARN_BOOL_CONVERSION = YES;
				CLANG_WARN_COMMA = YES;
				CLANG_WARN_CONSTANT_CONVERSION = YES;
				CLANG_WARN_DEPRECATED_OBJC_IMPLEMENTATIONS = YES;
				CLANG_WARN_DIRECT_OBJC_ISA_USAGE = YES_ERROR;
				CLANG_WARN_DOCUMENTATION_COMMENTS = YES;
				CLANG_WARN_EMPTY_BODY = YES;
				CLANG_WARN_ENUM_CONVERSION = YES;
				CLANG_WARN_INFINITE_RECURSION = YES;
				CLANG_WARN_INT_CONVERSION = YES;
				CLANG_WARN_NON_LITERAL_NULL_CONVERSION = YES;
				CLANG_WARN_OBJC_IMPLICIT_RETAIN_SELF = YES;
				CLANG_WARN_OBJC_LITERAL_CONVERSION = YES;
				CLANG_WARN_OBJC_ROOT_CLASS = YES_ERROR;
				CLANG_WARN_QUOTED_INCLUDE_IN_FRAMEWORK_HEADER = YES;
				CLANG_WARN_RANGE_LOOP_ANALYSIS = YES;
				CLANG_WARN_STRICT_PROTOTYPES = YES;
				CLANG_WARN_SUSPICIOUS_MOVE = YES;
				CLANG_WARN_UNGUARDED_AVAILABILITY = YES_AGGRESSIVE;
				CLANG_WARN_UNREACHABLE_CODE = YES;
				CLANG_WARN__DUPLICATE_METHOD_MATCH = YES;
				COPY_PHASE_STRIP = NO;
				DEBUG_INFORMATION_FORMAT = dwarf;
				ENABLE_STRICT_OBJC_MSGSEND = YES;
				ENABLE_TESTABILITY = YES;
				GCC_C_LANGUAGE_STANDARD = gnu11;
				GCC_DYNAMIC_NO_PIC = NO;
				GCC_NO_COMMON_BLOCKS = YES;
				GCC_OPTIMIZATION_LEVEL = 0;
				GCC_PREPROCESSOR_DEFINITIONS = (
					"DEBUG=1",
					"$(inherited)",
				);
				GCC_WARN_64_TO_32_BIT_CONVERSION = YES;
				GCC_WARN_ABOUT_RETURN_TYPE = YES_ERROR;
				GCC_WARN_UNDECLARED_SELECTOR = YES;
				GCC_WARN_UNINITIALIZED_AUTOS = YES_AGGRESSIVE;
				GCC_WARN_UNUSED_FUNCTION = YES;
				GCC_WARN_UNUSED_VARIABLE = YES;
				IPHONEOS_DEPLOYMENT_TARGET = 16.2;
				MTL_ENABLE_DEBUG_INFO = INCLUDE_SOURCE;
				MTL_FAST_MATH = YES;
				ONLY_ACTIVE_ARCH = YES;
				SDKROOT = iphoneos;
				SWIFT_ACTIVE_COMPILATION_CONDITIONS = DEBUG;
				SWIFT_OPTIMIZATION_LEVEL = "-Onone";
			};
			name = Debug;
		};
		DE2F53EC29A9CC7D00805518 /* Release */ = {
			isa = XCBuildConfiguration;
			buildSettings = {
				ALWAYS_SEARCH_USER_PATHS = NO;
				CLANG_ANALYZER_NONNULL = YES;
				CLANG_ANALYZER_NUMBER_OBJECT_CONVERSION = YES_AGGRESSIVE;
				CLANG_CXX_LANGUAGE_STANDARD = "gnu++20";
				CLANG_ENABLE_MODULES = YES;
				CLANG_ENABLE_OBJC_ARC = YES;
				CLANG_ENABLE_OBJC_WEAK = YES;
				CLANG_WARN_BLOCK_CAPTURE_AUTORELEASING = YES;
				CLANG_WARN_BOOL_CONVERSION = YES;
				CLANG_WARN_COMMA = YES;
				CLANG_WARN_CONSTANT_CONVERSION = YES;
				CLANG_WARN_DEPRECATED_OBJC_IMPLEMENTATIONS = YES;
				CLANG_WARN_DIRECT_OBJC_ISA_USAGE = YES_ERROR;
				CLANG_WARN_DOCUMENTATION_COMMENTS = YES;
				CLANG_WARN_EMPTY_BODY = YES;
				CLANG_WARN_ENUM_CONVERSION = YES;
				CLANG_WARN_INFINITE_RECURSION = YES;
				CLANG_WARN_INT_CONVERSION = YES;
				CLANG_WARN_NON_LITERAL_NULL_CONVERSION = YES;
				CLANG_WARN_OBJC_IMPLICIT_RETAIN_SELF = YES;
				CLANG_WARN_OBJC_LITERAL_CONVERSION = YES;
				CLANG_WARN_OBJC_ROOT_CLASS = YES_ERROR;
				CLANG_WARN_QUOTED_INCLUDE_IN_FRAMEWORK_HEADER = YES;
				CLANG_WARN_RANGE_LOOP_ANALYSIS = YES;
				CLANG_WARN_STRICT_PROTOTYPES = YES;
				CLANG_WARN_SUSPICIOUS_MOVE = YES;
				CLANG_WARN_UNGUARDED_AVAILABILITY = YES_AGGRESSIVE;
				CLANG_WARN_UNREACHABLE_CODE = YES;
				CLANG_WARN__DUPLICATE_METHOD_MATCH = YES;
				COPY_PHASE_STRIP = NO;
				DEBUG_INFORMATION_FORMAT = "dwarf-with-dsym";
				ENABLE_NS_ASSERTIONS = NO;
				ENABLE_STRICT_OBJC_MSGSEND = YES;
				GCC_C_LANGUAGE_STANDARD = gnu11;
				GCC_NO_COMMON_BLOCKS = YES;
				GCC_WARN_64_TO_32_BIT_CONVERSION = YES;
				GCC_WARN_ABOUT_RETURN_TYPE = YES_ERROR;
				GCC_WARN_UNDECLARED_SELECTOR = YES;
				GCC_WARN_UNINITIALIZED_AUTOS = YES_AGGRESSIVE;
				GCC_WARN_UNUSED_FUNCTION = YES;
				GCC_WARN_UNUSED_VARIABLE = YES;
				IPHONEOS_DEPLOYMENT_TARGET = 16.2;
				MTL_ENABLE_DEBUG_INFO = NO;
				MTL_FAST_MATH = YES;
				SDKROOT = iphoneos;
				SWIFT_COMPILATION_MODE = wholemodule;
				SWIFT_OPTIMIZATION_LEVEL = "-O";
				VALIDATE_PRODUCT = YES;
			};
			name = Release;
		};
		DE2F53EE29A9CC7D00805518 /* Debug */ = {
			isa = XCBuildConfiguration;
			buildSettings = {
				ASSETCATALOG_COMPILER_APPICON_NAME = AppIcon;
				ASSETCATALOG_COMPILER_GLOBAL_ACCENT_COLOR_NAME = AccentColor;
				CODE_SIGN_STYLE = Automatic;
				CURRENT_PROJECT_VERSION = 1;
				DEVELOPMENT_ASSET_PATHS = "\"Molinar/Preview Content\"";
				DEVELOPMENT_TEAM = F88F3V85M7;
				ENABLE_PREVIEWS = YES;
				GENERATE_INFOPLIST_FILE = YES;
				INFOPLIST_KEY_UIApplicationSceneManifest_Generation = YES;
				INFOPLIST_KEY_UIApplicationSupportsIndirectInputEvents = YES;
				INFOPLIST_KEY_UILaunchScreen_Generation = YES;
				INFOPLIST_KEY_UISupportedInterfaceOrientations_iPad = "UIInterfaceOrientationPortrait UIInterfaceOrientationPortraitUpsideDown UIInterfaceOrientationLandscapeLeft UIInterfaceOrientationLandscapeRight";
				INFOPLIST_KEY_UISupportedInterfaceOrientations_iPhone = "UIInterfaceOrientationPortrait UIInterfaceOrientationLandscapeLeft UIInterfaceOrientationLandscapeRight";
				LD_RUNPATH_SEARCH_PATHS = (
					"$(inherited)",
					"@executable_path/Frameworks",
				);
				MARKETING_VERSION = 1.0;
				PRODUCT_BUNDLE_IDENTIFIER = co.molinar.Molinar;
				PRODUCT_NAME = "$(TARGET_NAME)";
				SWIFT_EMIT_LOC_STRINGS = YES;
				SWIFT_VERSION = 5.0;
				TARGETED_DEVICE_FAMILY = "1,2";
			};
			name = Debug;
		};
		DE2F53EF29A9CC7D00805518 /* Release */ = {
			isa = XCBuildConfiguration;
			buildSettings = {
				ASSETCATALOG_COMPILER_APPICON_NAME = AppIcon;
				ASSETCATALOG_COMPILER_GLOBAL_ACCENT_COLOR_NAME = AccentColor;
				CODE_SIGN_STYLE = Automatic;
				CURRENT_PROJECT_VERSION = 1;
				DEVELOPMENT_ASSET_PATHS = "\"Molinar/Preview Content\"";
				DEVELOPMENT_TEAM = F88F3V85M7;
				ENABLE_PREVIEWS = YES;
				GENERATE_INFOPLIST_FILE = YES;
				INFOPLIST_KEY_UIApplicationSceneManifest_Generation = YES;
				INFOPLIST_KEY_UIApplicationSupportsIndirectInputEvents = YES;
				INFOPLIST_KEY_UILaunchScreen_Generation = YES;
				INFOPLIST_KEY_UISupportedInterfaceOrientations_iPad = "UIInterfaceOrientationPortrait UIInterfaceOrientationPortraitUpsideDown UIInterfaceOrientationLandscapeLeft UIInterfaceOrientationLandscapeRight";
				INFOPLIST_KEY_UISupportedInterfaceOrientations_iPhone = "UIInterfaceOrientationPortrait UIInterfaceOrientationLandscapeLeft UIInterfaceOrientationLandscapeRight";
				LD_RUNPATH_SEARCH_PATHS = (
					"$(inherited)",
					"@executable_path/Frameworks",
				);
				MARKETING_VERSION = 1.0;
				PRODUCT_BUNDLE_IDENTIFIER = co.molinar.Molinar;
				PRODUCT_NAME = "$(TARGET_NAME)";
				SWIFT_EMIT_LOC_STRINGS = YES;
				SWIFT_VERSION = 5.0;
				TARGETED_DEVICE_FAMILY = "1,2";
			};
			name = Release;
		};
/* End XCBuildConfiguration section */

/* Begin XCConfigurationList section */
		DE2F53DA29A9CC7900805518 /* Build configuration list for PBXProject "Molinar" */ = {
			isa = XCConfigurationList;
			buildConfigurations = (
				DE2F53EB29A9CC7D00805518 /* Debug */,
				DE2F53EC29A9CC7D00805518 /* Release */,
			);
			defaultConfigurationIsVisible = 0;
			defaultConfigurationName = Release;
		};
		DE2F53ED29A9CC7D00805518 /* Build configuration list for PBXNativeTarget "Molinar" */ = {
			isa = XCConfigurationList;
			buildConfigurations = (
				DE2F53EE29A9CC7D00805518 /* Debug */,
				DE2F53EF29A9CC7D00805518 /* Release */,
			);
			defaultConfigurationIsVisible = 0;
			defaultConfigurationName = Release;
		};
/* End XCConfigurationList section */

/* Begin XCRemoteSwiftPackageReference section */
		DE2F540A29AACB8400805518 /* XCRemoteSwiftPackageReference "firebase-ios-sdk" */ = {
			isa = XCRemoteSwiftPackageReference;
			repositoryURL = "https://github.com/firebase/firebase-ios-sdk";
			requirement = {
				kind = upToNextMajorVersion;
				minimumVersion = 9.0.0;
			};
		};
/* End XCRemoteSwiftPackageReference section */

/* Begin XCSwiftPackageProductDependency section */
		DE2F540B29AACB8400805518 /* FirebaseAuth */ = {
			isa = XCSwiftPackageProductDependency;
			package = DE2F540A29AACB8400805518 /* XCRemoteSwiftPackageReference "firebase-ios-sdk" */;
			productName = FirebaseAuth;
		};
		DE2F540D29AACB8400805518 /* FirebaseFirestore */ = {
			isa = XCSwiftPackageProductDependency;
			package = DE2F540A29AACB8400805518 /* XCRemoteSwiftPackageReference "firebase-ios-sdk" */;
			productName = FirebaseFirestore;
		};
		DE2F540F29AACB8400805518 /* FirebaseFunctions */ = {
			isa = XCSwiftPackageProductDependency;
			package = DE2F540A29AACB8400805518 /* XCRemoteSwiftPackageReference "firebase-ios-sdk" */;
			productName = FirebaseFunctions;
		};
		DE2F541129AACB8500805518 /* FirebaseStorage */ = {
			isa = XCSwiftPackageProductDependency;
			package = DE2F540A29AACB8400805518 /* XCRemoteSwiftPackageReference "firebase-ios-sdk" */;
			productName = FirebaseStorage;
		};
/* End XCSwiftPackageProductDependency section */
	};
	rootObject = DE2F53D729A9CC7900805518 /* Project object */;
}
