// !$*UTF8*$!
{
	archiveVersion = 1;
	classes = {
	};
	objectVersion = 56;
	objects = {

/* Begin PBXBuildFile section */
		DE2F53E329A9CC7A00805518 /* MolinarApp.swift in Sources */ = {isa = PBXBuildFile; fileRef = DE2F53E229A9CC7A00805518 /* MolinarApp.swift */; };
		DE2F53E529A9CC7A00805518 /* ContentView.swift in Sources */ = {isa = PBXBuildFile; fileRef = DE2F53E429A9CC7A00805518 /* ContentView.swift */; };
		DE2F53E729A9CC7D00805518 /* Assets.xcassets in Resources */ = {isa = PBXBuildFile; fileRef = DE2F53E629A9CC7D00805518 /* Assets.xcassets */; };
		DE2F53EA29A9CC7D00805518 /* Preview Assets.xcassets in Resources */ = {isa = PBXBuildFile; fileRef = DE2F53E929A9CC7D00805518 /* Preview Assets.xcassets */; };
		DE2F53FA29AAC7EE00805518 /* MapboxCommon.xcframework in Frameworks */ = {isa = PBXBuildFile; fileRef = DE2F53F029A9D03500805518 /* MapboxCommon.xcframework */; };
		DE2F53FB29AAC7EE00805518 /* MapboxCommon.xcframework in Embed Frameworks */ = {isa = PBXBuildFile; fileRef = DE2F53F029A9D03500805518 /* MapboxCommon.xcframework */; settings = {ATTRIBUTES = (CodeSignOnCopy, RemoveHeadersOnCopy, ); }; };
		DE2F53FD29AAC7F000805518 /* MapboxCoreMaps.xcframework in Frameworks */ = {isa = PBXBuildFile; fileRef = DE2F53F229A9D06100805518 /* MapboxCoreMaps.xcframework */; };
		DE2F53FE29AAC7F000805518 /* MapboxCoreMaps.xcframework in Embed Frameworks */ = {isa = PBXBuildFile; fileRef = DE2F53F229A9D06100805518 /* MapboxCoreMaps.xcframework */; settings = {ATTRIBUTES = (CodeSignOnCopy, RemoveHeadersOnCopy, ); }; };
		DE2F53FF29AAC7F100805518 /* MapboxMaps.xcframework in Frameworks */ = {isa = PBXBuildFile; fileRef = DE2F53F429A9D06C00805518 /* MapboxMaps.xcframework */; };
		DE2F540029AAC7F100805518 /* MapboxMaps.xcframework in Embed Frameworks */ = {isa = PBXBuildFile; fileRef = DE2F53F429A9D06C00805518 /* MapboxMaps.xcframework */; settings = {ATTRIBUTES = (CodeSignOnCopy, RemoveHeadersOnCopy, ); }; };
		DE2F540129AAC7F300805518 /* MapboxMobileEvents.xcframework in Frameworks */ = {isa = PBXBuildFile; fileRef = DE2F53F629AAC7C700805518 /* MapboxMobileEvents.xcframework */; };
		DE2F540229AAC7F300805518 /* MapboxMobileEvents.xcframework in Embed Frameworks */ = {isa = PBXBuildFile; fileRef = DE2F53F629AAC7C700805518 /* MapboxMobileEvents.xcframework */; settings = {ATTRIBUTES = (CodeSignOnCopy, RemoveHeadersOnCopy, ); }; };
		DE2F540329AAC7F400805518 /* Turf.xcframework in Frameworks */ = {isa = PBXBuildFile; fileRef = DE2F53F829AAC7D600805518 /* Turf.xcframework */; };
		DE2F540429AAC7F400805518 /* Turf.xcframework in Embed Frameworks */ = {isa = PBXBuildFile; fileRef = DE2F53F829AAC7D600805518 /* Turf.xcframework */; settings = {ATTRIBUTES = (CodeSignOnCopy, RemoveHeadersOnCopy, ); }; };
		DE2F540929AACA9700805518 /* User.swift in Sources */ = {isa = PBXBuildFile; fileRef = DE2F540829AACA9700805518 /* User.swift */; };
		DE2F540C29AACB8400805518 /* FirebaseAuth in Frameworks */ = {isa = PBXBuildFile; productRef = DE2F540B29AACB8400805518 /* FirebaseAuth */; };
		DE2F540E29AACB8400805518 /* FirebaseFirestore in Frameworks */ = {isa = PBXBuildFile; productRef = DE2F540D29AACB8400805518 /* FirebaseFirestore */; };
		DE2F541029AACB8400805518 /* FirebaseFunctions in Frameworks */ = {isa = PBXBuildFile; productRef = DE2F540F29AACB8400805518 /* FirebaseFunctions */; };
		DE2F541229AACB8500805518 /* FirebaseStorage in Frameworks */ = {isa = PBXBuildFile; productRef = DE2F541129AACB8500805518 /* FirebaseStorage */; };
		DE2F541629AACE7B00805518 /* AuthViewModel.swift in Sources */ = {isa = PBXBuildFile; fileRef = DE2F541529AACE7B00805518 /* AuthViewModel.swift */; };
		DE2F541929AACF7D00805518 /* LoginView.swift in Sources */ = {isa = PBXBuildFile; fileRef = DE2F541829AACF7D00805518 /* LoginView.swift */; };
		DE2F541B29AACF8800805518 /* RegisterView.swift in Sources */ = {isa = PBXBuildFile; fileRef = DE2F541A29AACF8800805518 /* RegisterView.swift */; };
		DE2F541E29AAD31D00805518 /* CustomTextField.swift in Sources */ = {isa = PBXBuildFile; fileRef = DE2F541D29AAD31D00805518 /* CustomTextField.swift */; };
		DE2F542029AAD3D200805518 /* CustomSecureField.swift in Sources */ = {isa = PBXBuildFile; fileRef = DE2F541F29AAD3D200805518 /* CustomSecureField.swift */; };
		DE2F542329AADB3B00805518 /* GoogleService-Info.plist in Resources */ = {isa = PBXBuildFile; fileRef = DE2F542229AADB3B00805518 /* GoogleService-Info.plist */; };
		DE2F542629AADD2700805518 /* MapboxView.swift in Sources */ = {isa = PBXBuildFile; fileRef = DE2F542529AADD2700805518 /* MapboxView.swift */; };
		DE2F542829AADDC300805518 /* MapboxViewModel.swift in Sources */ = {isa = PBXBuildFile; fileRef = DE2F542729AADDC300805518 /* MapboxViewModel.swift */; };
		DE2F542B29AADDE800805518 /* FilterLabels.swift in Sources */ = {isa = PBXBuildFile; fileRef = DE2F542A29AADDE800805518 /* FilterLabels.swift */; };
		DE2F542D29AADFBF00805518 /* BottomSheetViewModel.swift in Sources */ = {isa = PBXBuildFile; fileRef = DE2F542C29AADFBF00805518 /* BottomSheetViewModel.swift */; };
		DE2F542F29AADFFE00805518 /* RecommendedSheetView.swift in Sources */ = {isa = PBXBuildFile; fileRef = DE2F542E29AADFFE00805518 /* RecommendedSheetView.swift */; };
		DE2F543A29AAE06A00805518 /* AddTaskSheet.swift in Sources */ = {isa = PBXBuildFile; fileRef = DE2F543429AAE06A00805518 /* AddTaskSheet.swift */; };
		DE2F543B29AAE06A00805518 /* LocationHeader.swift in Sources */ = {isa = PBXBuildFile; fileRef = DE2F543529AAE06A00805518 /* LocationHeader.swift */; };
		DE2F543C29AAE06A00805518 /* PickerSectionView.swift in Sources */ = {isa = PBXBuildFile; fileRef = DE2F543629AAE06A00805518 /* PickerSectionView.swift */; };
		DE2F543D29AAE06A00805518 /* ProjectsSectionHeader.swift in Sources */ = {isa = PBXBuildFile; fileRef = DE2F543729AAE06A00805518 /* ProjectsSectionHeader.swift */; };
		DE2F543E29AAE06A00805518 /* TaskCell.swift in Sources */ = {isa = PBXBuildFile; fileRef = DE2F543829AAE06A00805518 /* TaskCell.swift */; };
		DE2F543F29AAE06A00805518 /* FutureView.swift in Sources */ = {isa = PBXBuildFile; fileRef = DE2F543929AAE06A00805518 /* FutureView.swift */; };
		DE2F544229AAE07F00805518 /* NowView.swift in Sources */ = {isa = PBXBuildFile; fileRef = DE2F544129AAE07E00805518 /* NowView.swift */; };
		DE2F544629AAE0AA00805518 /* FriendView.swift in Sources */ = {isa = PBXBuildFile; fileRef = DE2F544429AAE0AA00805518 /* FriendView.swift */; };
		DE2F544729AAE0AA00805518 /* UserCell.swift in Sources */ = {isa = PBXBuildFile; fileRef = DE2F544529AAE0AA00805518 /* UserCell.swift */; };
		DE2F544C29AAE0B200805518 /* EnergyGraphView.swift in Sources */ = {isa = PBXBuildFile; fileRef = DE2F544929AAE0B200805518 /* EnergyGraphView.swift */; };
		DE2F544D29AAE0B200805518 /* MeView.swift in Sources */ = {isa = PBXBuildFile; fileRef = DE2F544A29AAE0B200805518 /* MeView.swift */; };
		DE2F544E29AAE0B200805518 /* MeScreenContent.swift in Sources */ = {isa = PBXBuildFile; fileRef = DE2F544B29AAE0B200805518 /* MeScreenContent.swift */; };
		DE2F545129AAE0BC00805518 /* NewsCell.swift in Sources */ = {isa = PBXBuildFile; fileRef = DE2F545029AAE0BC00805518 /* NewsCell.swift */; };
		DE2F545329AAE0E000805518 /* Extensions.swift in Sources */ = {isa = PBXBuildFile; fileRef = DE2F545229AAE0DF00805518 /* Extensions.swift */; };
		DE2F545529AAE0E700805518 /* Icons.swift in Sources */ = {isa = PBXBuildFile; fileRef = DE2F545429AAE0E700805518 /* Icons.swift */; };
		DE2F545929AAE10700805518 /* WorkspaceView.swift in Sources */ = {isa = PBXBuildFile; fileRef = DE2F545729AAE10700805518 /* WorkspaceView.swift */; };
		DE2F545A29AAE10700805518 /* WorkspaceScreenContent.swift in Sources */ = {isa = PBXBuildFile; fileRef = DE2F545829AAE10700805518 /* WorkspaceScreenContent.swift */; };
		DE2F546329AAE14200805518 /* SearchBar.swift in Sources */ = {isa = PBXBuildFile; fileRef = DE2F545C29AAE14100805518 /* SearchBar.swift */; };
		DE2F546429AAE14200805518 /* BottomSheet.swift in Sources */ = {isa = PBXBuildFile; fileRef = DE2F545D29AAE14100805518 /* BottomSheet.swift */; };
		DE2F546529AAE14200805518 /* ScheduleHeadline.swift in Sources */ = {isa = PBXBuildFile; fileRef = DE2F545E29AAE14100805518 /* ScheduleHeadline.swift */; };
		DE2F546629AAE14200805518 /* SwiftUIView.swift in Sources */ = {isa = PBXBuildFile; fileRef = DE2F545F29AAE14100805518 /* SwiftUIView.swift */; };
		DE2F546729AAE14200805518 /* RecommendedEvents.swift in Sources */ = {isa = PBXBuildFile; fileRef = DE2F546029AAE14100805518 /* RecommendedEvents.swift */; };
		DE2F546829AAE14200805518 /* Handle.swift in Sources */ = {isa = PBXBuildFile; fileRef = DE2F546129AAE14100805518 /* Handle.swift */; };
		DE2F546929AAE14200805518 /* NewsHeadline.swift in Sources */ = {isa = PBXBuildFile; fileRef = DE2F546229AAE14100805518 /* NewsHeadline.swift */; };
		DE2F546B29AAE16E00805518 /* HomeScreenContent.swift in Sources */ = {isa = PBXBuildFile; fileRef = DE2F546A29AAE16D00805518 /* HomeScreenContent.swift */; };
		DE2F546E29AAE62000805518 /* TasksViewModel.swift in Sources */ = {isa = PBXBuildFile; fileRef = DE2F546D29AAE62000805518 /* TasksViewModel.swift */; };
		DE2F547029AAE67A00805518 /* Task.swift in Sources */ = {isa = PBXBuildFile; fileRef = DE2F546F29AAE67A00805518 /* Task.swift */; };
		DE2F547329AAE90300805518 /* Constants.swift in Sources */ = {isa = PBXBuildFile; fileRef = DE2F547229AAE90300805518 /* Constants.swift */; };
		DE2F547529AAE97E00805518 /* UploadTaskViewModel.swift in Sources */ = {isa = PBXBuildFile; fileRef = DE2F547429AAE97E00805518 /* UploadTaskViewModel.swift */; };
		DEFA4B7D29AFEF2B00F2FCD8 /* FocusNow.swift in Sources */ = {isa = PBXBuildFile; fileRef = DEFA4B7C29AFEF2B00F2FCD8 /* FocusNow.swift */; };
		DEFA4B8029B000DB00F2FCD8 /* WorkoutNow.swift in Sources */ = {isa = PBXBuildFile; fileRef = DEFA4B7F29B000DB00F2FCD8 /* WorkoutNow.swift */; };
/* End PBXBuildFile section */

/* Begin PBXCopyFilesBuildPhase section */
		DE2F53FC29AAC7EE00805518 /* Embed Frameworks */ = {
			isa = PBXCopyFilesBuildPhase;
			buildActionMask = 2147483647;
			dstPath = "";
			dstSubfolderSpec = 10;
			files = (
				DE2F53FE29AAC7F000805518 /* MapboxCoreMaps.xcframework in Embed Frameworks */,
				DE2F540229AAC7F300805518 /* MapboxMobileEvents.xcframework in Embed Frameworks */,
				DE2F53FB29AAC7EE00805518 /* MapboxCommon.xcframework in Embed Frameworks */,
				DE2F540429AAC7F400805518 /* Turf.xcframework in Embed Frameworks */,
				DE2F540029AAC7F100805518 /* MapboxMaps.xcframework in Embed Frameworks */,
			);
			name = "Embed Frameworks";
			runOnlyForDeploymentPostprocessing = 0;
		};
/* End PBXCopyFilesBuildPhase section */

/* Begin PBXFileReference section */
		DE2F53DF29A9CC7A00805518 /* Molinar.app */ = {isa = PBXFileReference; explicitFileType = wrapper.application; includeInIndex = 0; path = Molinar.app; sourceTree = BUILT_PRODUCTS_DIR; };
		DE2F53E229A9CC7A00805518 /* MolinarApp.swift */ = {isa = PBXFileReference; lastKnownFileType = sourcecode.swift; path = MolinarApp.swift; sourceTree = "<group>"; };
		DE2F53E429A9CC7A00805518 /* ContentView.swift */ = {isa = PBXFileReference; lastKnownFileType = sourcecode.swift; path = ContentView.swift; sourceTree = "<group>"; };
		DE2F53E629A9CC7D00805518 /* Assets.xcassets */ = {isa = PBXFileReference; lastKnownFileType = folder.assetcatalog; path = Assets.xcassets; sourceTree = "<group>"; };
		DE2F53E929A9CC7D00805518 /* Preview Assets.xcassets */ = {isa = PBXFileReference; lastKnownFileType = folder.assetcatalog; path = "Preview Assets.xcassets"; sourceTree = "<group>"; };
		DE2F53F029A9D03500805518 /* MapboxCommon.xcframework */ = {isa = PBXFileReference; lastKnownFileType = wrapper.xcframework; path = MapboxCommon.xcframework; sourceTree = "<group>"; };
		DE2F53F229A9D06100805518 /* MapboxCoreMaps.xcframework */ = {isa = PBXFileReference; lastKnownFileType = wrapper.xcframework; path = MapboxCoreMaps.xcframework; sourceTree = "<group>"; };
		DE2F53F429A9D06C00805518 /* MapboxMaps.xcframework */ = {isa = PBXFileReference; lastKnownFileType = wrapper.xcframework; path = MapboxMaps.xcframework; sourceTree = "<group>"; };
		DE2F53F629AAC7C700805518 /* MapboxMobileEvents.xcframework */ = {isa = PBXFileReference; lastKnownFileType = wrapper.xcframework; path = MapboxMobileEvents.xcframework; sourceTree = "<group>"; };
		DE2F53F829AAC7D600805518 /* Turf.xcframework */ = {isa = PBXFileReference; lastKnownFileType = wrapper.xcframework; path = Turf.xcframework; sourceTree = "<group>"; };
		DE2F540829AACA9700805518 /* User.swift */ = {isa = PBXFileReference; lastKnownFileType = sourcecode.swift; path = User.swift; sourceTree = "<group>"; };
		DE2F541529AACE7B00805518 /* AuthViewModel.swift */ = {isa = PBXFileReference; fileEncoding = 4; lastKnownFileType = sourcecode.swift; path = AuthViewModel.swift; sourceTree = "<group>"; };
		DE2F541829AACF7D00805518 /* LoginView.swift */ = {isa = PBXFileReference; lastKnownFileType = sourcecode.swift; path = LoginView.swift; sourceTree = "<group>"; };
		DE2F541A29AACF8800805518 /* RegisterView.swift */ = {isa = PBXFileReference; lastKnownFileType = sourcecode.swift; path = RegisterView.swift; sourceTree = "<group>"; };
		DE2F541D29AAD31D00805518 /* CustomTextField.swift */ = {isa = PBXFileReference; lastKnownFileType = sourcecode.swift; path = CustomTextField.swift; sourceTree = "<group>"; };
		DE2F541F29AAD3D200805518 /* CustomSecureField.swift */ = {isa = PBXFileReference; lastKnownFileType = sourcecode.swift; path = CustomSecureField.swift; sourceTree = "<group>"; };
		DE2F542229AADB3B00805518 /* GoogleService-Info.plist */ = {isa = PBXFileReference; fileEncoding = 4; lastKnownFileType = text.plist.xml; path = "GoogleService-Info.plist"; sourceTree = "<group>"; };
		DE2F542529AADD2700805518 /* MapboxView.swift */ = {isa = PBXFileReference; lastKnownFileType = sourcecode.swift; path = MapboxView.swift; sourceTree = "<group>"; };
		DE2F542729AADDC300805518 /* MapboxViewModel.swift */ = {isa = PBXFileReference; lastKnownFileType = sourcecode.swift; path = MapboxViewModel.swift; sourceTree = "<group>"; };
		DE2F542A29AADDE800805518 /* FilterLabels.swift */ = {isa = PBXFileReference; lastKnownFileType = sourcecode.swift; path = FilterLabels.swift; sourceTree = "<group>"; };
		DE2F542C29AADFBF00805518 /* BottomSheetViewModel.swift */ = {isa = PBXFileReference; lastKnownFileType = sourcecode.swift; path = BottomSheetViewModel.swift; sourceTree = "<group>"; };
		DE2F542E29AADFFE00805518 /* RecommendedSheetView.swift */ = {isa = PBXFileReference; lastKnownFileType = sourcecode.swift; path = RecommendedSheetView.swift; sourceTree = "<group>"; };
		DE2F543429AAE06A00805518 /* AddTaskSheet.swift */ = {isa = PBXFileReference; fileEncoding = 4; lastKnownFileType = sourcecode.swift; path = AddTaskSheet.swift; sourceTree = "<group>"; };
		DE2F543529AAE06A00805518 /* LocationHeader.swift */ = {isa = PBXFileReference; fileEncoding = 4; lastKnownFileType = sourcecode.swift; path = LocationHeader.swift; sourceTree = "<group>"; };
		DE2F543629AAE06A00805518 /* PickerSectionView.swift */ = {isa = PBXFileReference; fileEncoding = 4; lastKnownFileType = sourcecode.swift; path = PickerSectionView.swift; sourceTree = "<group>"; };
		DE2F543729AAE06A00805518 /* ProjectsSectionHeader.swift */ = {isa = PBXFileReference; fileEncoding = 4; lastKnownFileType = sourcecode.swift; path = ProjectsSectionHeader.swift; sourceTree = "<group>"; };
		DE2F543829AAE06A00805518 /* TaskCell.swift */ = {isa = PBXFileReference; fileEncoding = 4; lastKnownFileType = sourcecode.swift; path = TaskCell.swift; sourceTree = "<group>"; };
		DE2F543929AAE06A00805518 /* FutureView.swift */ = {isa = PBXFileReference; fileEncoding = 4; lastKnownFileType = sourcecode.swift; path = FutureView.swift; sourceTree = "<group>"; };
		DE2F544129AAE07E00805518 /* NowView.swift */ = {isa = PBXFileReference; fileEncoding = 4; lastKnownFileType = sourcecode.swift; path = NowView.swift; sourceTree = "<group>"; };
		DE2F544429AAE0AA00805518 /* FriendView.swift */ = {isa = PBXFileReference; fileEncoding = 4; lastKnownFileType = sourcecode.swift; path = FriendView.swift; sourceTree = "<group>"; };
		DE2F544529AAE0AA00805518 /* UserCell.swift */ = {isa = PBXFileReference; fileEncoding = 4; lastKnownFileType = sourcecode.swift; path = UserCell.swift; sourceTree = "<group>"; };
		DE2F544929AAE0B200805518 /* EnergyGraphView.swift */ = {isa = PBXFileReference; fileEncoding = 4; lastKnownFileType = sourcecode.swift; path = EnergyGraphView.swift; sourceTree = "<group>"; };
		DE2F544A29AAE0B200805518 /* MeView.swift */ = {isa = PBXFileReference; fileEncoding = 4; lastKnownFileType = sourcecode.swift; path = MeView.swift; sourceTree = "<group>"; };
		DE2F544B29AAE0B200805518 /* MeScreenContent.swift */ = {isa = PBXFileReference; fileEncoding = 4; lastKnownFileType = sourcecode.swift; path = MeScreenContent.swift; sourceTree = "<group>"; };
		DE2F545029AAE0BC00805518 /* NewsCell.swift */ = {isa = PBXFileReference; fileEncoding = 4; lastKnownFileType = sourcecode.swift; path = NewsCell.swift; sourceTree = "<group>"; };
		DE2F545229AAE0DF00805518 /* Extensions.swift */ = {isa = PBXFileReference; fileEncoding = 4; lastKnownFileType = sourcecode.swift; path = Extensions.swift; sourceTree = "<group>"; };
		DE2F545429AAE0E700805518 /* Icons.swift */ = {isa = PBXFileReference; fileEncoding = 4; lastKnownFileType = sourcecode.swift; path = Icons.swift; sourceTree = "<group>"; };
		DE2F545729AAE10700805518 /* WorkspaceView.swift */ = {isa = PBXFileReference; fileEncoding = 4; lastKnownFileType = sourcecode.swift; path = WorkspaceView.swift; sourceTree = "<group>"; };
		DE2F545829AAE10700805518 /* WorkspaceScreenContent.swift */ = {isa = PBXFileReference; fileEncoding = 4; lastKnownFileType = sourcecode.swift; path = WorkspaceScreenContent.swift; sourceTree = "<group>"; };
		DE2F545C29AAE14100805518 /* SearchBar.swift */ = {isa = PBXFileReference; fileEncoding = 4; lastKnownFileType = sourcecode.swift; path = SearchBar.swift; sourceTree = "<group>"; };
		DE2F545D29AAE14100805518 /* BottomSheet.swift */ = {isa = PBXFileReference; fileEncoding = 4; lastKnownFileType = sourcecode.swift; path = BottomSheet.swift; sourceTree = "<group>"; };
		DE2F545E29AAE14100805518 /* ScheduleHeadline.swift */ = {isa = PBXFileReference; fileEncoding = 4; lastKnownFileType = sourcecode.swift; path = ScheduleHeadline.swift; sourceTree = "<group>"; };
		DE2F545F29AAE14100805518 /* SwiftUIView.swift */ = {isa = PBXFileReference; fileEncoding = 4; lastKnownFileType = sourcecode.swift; path = SwiftUIView.swift; sourceTree = "<group>"; };
		DE2F546029AAE14100805518 /* RecommendedEvents.swift */ = {isa = PBXFileReference; fileEncoding = 4; lastKnownFileType = sourcecode.swift; path = RecommendedEvents.swift; sourceTree = "<group>"; };
		DE2F546129AAE14100805518 /* Handle.swift */ = {isa = PBXFileReference; fileEncoding = 4; lastKnownFileType = sourcecode.swift; path = Handle.swift; sourceTree = "<group>"; };
		DE2F546229AAE14100805518 /* NewsHeadline.swift */ = {isa = PBXFileReference; fileEncoding = 4; lastKnownFileType = sourcecode.swift; path = NewsHeadline.swift; sourceTree = "<group>"; };
		DE2F546A29AAE16D00805518 /* HomeScreenContent.swift */ = {isa = PBXFileReference; fileEncoding = 4; lastKnownFileType = sourcecode.swift; path = HomeScreenContent.swift; sourceTree = "<group>"; };
		DE2F546D29AAE62000805518 /* TasksViewModel.swift */ = {isa = PBXFileReference; lastKnownFileType = sourcecode.swift; path = TasksViewModel.swift; sourceTree = "<group>"; };
		DE2F546F29AAE67A00805518 /* Task.swift */ = {isa = PBXFileReference; lastKnownFileType = sourcecode.swift; path = Task.swift; sourceTree = "<group>"; };
		DE2F547229AAE90300805518 /* Constants.swift */ = {isa = PBXFileReference; lastKnownFileType = sourcecode.swift; path = Constants.swift; sourceTree = "<group>"; };
		DE2F547429AAE97E00805518 /* UploadTaskViewModel.swift */ = {isa = PBXFileReference; lastKnownFileType = sourcecode.swift; path = UploadTaskViewModel.swift; sourceTree = "<group>"; };
		DEFA4B7C29AFEF2B00F2FCD8 /* FocusNow.swift */ = {isa = PBXFileReference; lastKnownFileType = sourcecode.swift; path = FocusNow.swift; sourceTree = "<group>"; };
		DEFA4B7F29B000DB00F2FCD8 /* WorkoutNow.swift */ = {isa = PBXFileReference; lastKnownFileType = sourcecode.swift; path = WorkoutNow.swift; sourceTree = "<group>"; };
/* End PBXFileReference section */

/* Begin PBXFrameworksBuildPhase section */
		DE2F53DC29A9CC7A00805518 /* Frameworks */ = {
			isa = PBXFrameworksBuildPhase;
			buildActionMask = 2147483647;
			files = (
				DE2F53FD29AAC7F000805518 /* MapboxCoreMaps.xcframework in Frameworks */,
				DE2F540C29AACB8400805518 /* FirebaseAuth in Frameworks */,
				DE2F541229AACB8500805518 /* FirebaseStorage in Frameworks */,
				DE2F53FA29AAC7EE00805518 /* MapboxCommon.xcframework in Frameworks */,
				DE2F541029AACB8400805518 /* FirebaseFunctions in Frameworks */,
				DE2F53FF29AAC7F100805518 /* MapboxMaps.xcframework in Frameworks */,
				DE2F540329AAC7F400805518 /* Turf.xcframework in Frameworks */,
				DE2F540129AAC7F300805518 /* MapboxMobileEvents.xcframework in Frameworks */,
				DE2F540E29AACB8400805518 /* FirebaseFirestore in Frameworks */,
			);
			runOnlyForDeploymentPostprocessing = 0;
		};
/* End PBXFrameworksBuildPhase section */

/* Begin PBXGroup section */
		DE2F53D629A9CC7900805518 = {
			isa = PBXGroup;
			children = (
				DE2F53F829AAC7D600805518 /* Turf.xcframework */,
				DE2F53F629AAC7C700805518 /* MapboxMobileEvents.xcframework */,
				DE2F53F429A9D06C00805518 /* MapboxMaps.xcframework */,
				DE2F53F229A9D06100805518 /* MapboxCoreMaps.xcframework */,
				DE2F53F029A9D03500805518 /* MapboxCommon.xcframework */,
				DE2F53E129A9CC7A00805518 /* Molinar */,
				DE2F53E029A9CC7A00805518 /* Products */,
			);
			sourceTree = "<group>";
		};
		DE2F53E029A9CC7A00805518 /* Products */ = {
			isa = PBXGroup;
			children = (
				DE2F53DF29A9CC7A00805518 /* Molinar.app */,
			);
			name = Products;
			sourceTree = "<group>";
		};
		DE2F53E129A9CC7A00805518 /* Molinar */ = {
			isa = PBXGroup;
			children = (
				DE2F547129AAE8B800805518 /* Util */,
				DE2F542229AADB3B00805518 /* GoogleService-Info.plist */,
				DE2F542129AAD45300805518 /* Main */,
				DE2F540729AACA8800805518 /* View */,
				DE2F540629AACA8300805518 /* Model */,
				DE2F540529AACA7600805518 /* ViewModels */,
				DE2F53E229A9CC7A00805518 /* MolinarApp.swift */,
				DE2F53E629A9CC7D00805518 /* Assets.xcassets */,
				DE2F53E829A9CC7D00805518 /* Preview Content */,
			);
			path = Molinar;
			sourceTree = "<group>";
		};
		DE2F53E829A9CC7D00805518 /* Preview Content */ = {
			isa = PBXGroup;
			children = (
				DE2F53E929A9CC7D00805518 /* Preview Assets.xcassets */,
			);
			path = "Preview Content";
			sourceTree = "<group>";
		};
		DE2F540529AACA7600805518 /* ViewModels */ = {
			isa = PBXGroup;
			children = (
				DE2F546C29AAE5FD00805518 /* Tasks */,
				DE2F541529AACE7B00805518 /* AuthViewModel.swift */,
				DE2F542729AADDC300805518 /* MapboxViewModel.swift */,
				DE2F542C29AADFBF00805518 /* BottomSheetViewModel.swift */,
			);
			path = ViewModels;
			sourceTree = "<group>";
		};
		DE2F540629AACA8300805518 /* Model */ = {
			isa = PBXGroup;
			children = (
				DE2F540829AACA9700805518 /* User.swift */,
				DE2F546F29AAE67A00805518 /* Task.swift */,
			);
			path = Model;
			sourceTree = "<group>";
		};
		DE2F540729AACA8800805518 /* View */ = {
			isa = PBXGroup;
			children = (
				DE2F545B29AAE14100805518 /* BottomSheet */,
				DE2F545629AAE10700805518 /* Workspace */,
				DE2F544F29AAE0BC00805518 /* News */,
				DE2F544829AAE0B200805518 /* Me */,
				DE2F544329AAE0AA00805518 /* Friends */,
				DE2F544029AAE07E00805518 /* Now */,
				DE2F543229AAE06A00805518 /* Schedule */,
				DE2F542429AADCFF00805518 /* Map */,
				DE2F541C29AAD31000805518 /* Components */,
				DE2F541729AACF6F00805518 /* Authentication */,
			);
			path = View;
			sourceTree = "<group>";
		};
		DE2F541729AACF6F00805518 /* Authentication */ = {
			isa = PBXGroup;
			children = (
				DE2F541829AACF7D00805518 /* LoginView.swift */,
				DE2F541A29AACF8800805518 /* RegisterView.swift */,
			);
			path = Authentication;
			sourceTree = "<group>";
		};
		DE2F541C29AAD31000805518 /* Components */ = {
			isa = PBXGroup;
			children = (
				DE2F545429AAE0E700805518 /* Icons.swift */,
				DE2F545229AAE0DF00805518 /* Extensions.swift */,
				DE2F541D29AAD31D00805518 /* CustomTextField.swift */,
				DE2F541F29AAD3D200805518 /* CustomSecureField.swift */,
			);
			path = Components;
			sourceTree = "<group>";
		};
		DE2F542129AAD45300805518 /* Main */ = {
			isa = PBXGroup;
			children = (
				DE2F546A29AAE16D00805518 /* HomeScreenContent.swift */,
				DE2F53E429A9CC7A00805518 /* ContentView.swift */,
				DE2F542E29AADFFE00805518 /* RecommendedSheetView.swift */,
			);
			path = Main;
			sourceTree = "<group>";
		};
		DE2F542429AADCFF00805518 /* Map */ = {
			isa = PBXGroup;
			children = (
				DE2F542929AADDDE00805518 /* MapUI */,
				DE2F542529AADD2700805518 /* MapboxView.swift */,
			);
			path = Map;
			sourceTree = "<group>";
		};
		DE2F542929AADDDE00805518 /* MapUI */ = {
			isa = PBXGroup;
			children = (
				DE2F542A29AADDE800805518 /* FilterLabels.swift */,
			);
			path = MapUI;
			sourceTree = "<group>";
		};
		DE2F543229AAE06A00805518 /* Schedule */ = {
			isa = PBXGroup;
			children = (
				DE2F543329AAE06A00805518 /* Tasks */,
				DE2F543729AAE06A00805518 /* ProjectsSectionHeader.swift */,
				DE2F543829AAE06A00805518 /* TaskCell.swift */,
				DE2F543929AAE06A00805518 /* FutureView.swift */,
			);
			path = Schedule;
			sourceTree = "<group>";
		};
		DE2F543329AAE06A00805518 /* Tasks */ = {
			isa = PBXGroup;
			children = (
				DE2F543429AAE06A00805518 /* AddTaskSheet.swift */,
				DE2F543529AAE06A00805518 /* LocationHeader.swift */,
				DE2F543629AAE06A00805518 /* PickerSectionView.swift */,
			);
			path = Tasks;
			sourceTree = "<group>";
		};
		DE2F544029AAE07E00805518 /* Now */ = {
			isa = PBXGroup;
			children = (
				DE2F544129AAE07E00805518 /* NowView.swift */,
			);
			path = Now;
			sourceTree = "<group>";
		};
		DE2F544329AAE0AA00805518 /* Friends */ = {
			isa = PBXGroup;
			children = (
				DE2F544429AAE0AA00805518 /* FriendView.swift */,
				DE2F544529AAE0AA00805518 /* UserCell.swift */,
			);
			path = Friends;
			sourceTree = "<group>";
		};
		DE2F544829AAE0B200805518 /* Me */ = {
			isa = PBXGroup;
			children = (
				DE2F544929AAE0B200805518 /* EnergyGraphView.swift */,
				DE2F544A29AAE0B200805518 /* MeView.swift */,
				DE2F544B29AAE0B200805518 /* MeScreenContent.swift */,
			);
			path = Me;
			sourceTree = "<group>";
		};
		DE2F544F29AAE0BC00805518 /* News */ = {
			isa = PBXGroup;
			children = (
				DE2F545029AAE0BC00805518 /* NewsCell.swift */,
			);
			path = News;
			sourceTree = "<group>";
		};
		DE2F545629AAE10700805518 /* Workspace */ = {
			isa = PBXGroup;
			children = (
				DE2F545729AAE10700805518 /* WorkspaceView.swift */,
				DE2F545829AAE10700805518 /* WorkspaceScreenContent.swift */,
			);
			path = Workspace;
			sourceTree = "<group>";
		};
		DE2F545B29AAE14100805518 /* BottomSheet */ = {
			isa = PBXGroup;
			children = (
				DEFA4B7B29AFEF0600F2FCD8 /* Screens */,
				DE2F545C29AAE14100805518 /* SearchBar.swift */,
				DE2F545D29AAE14100805518 /* BottomSheet.swift */,
				DE2F545E29AAE14100805518 /* ScheduleHeadline.swift */,
				DE2F545F29AAE14100805518 /* SwiftUIView.swift */,
				DE2F546029AAE14100805518 /* RecommendedEvents.swift */,
				DE2F546129AAE14100805518 /* Handle.swift */,
				DE2F546229AAE14100805518 /* NewsHeadline.swift */,
			);
			path = BottomSheet;
			sourceTree = "<group>";
		};
		DE2F546C29AAE5FD00805518 /* Tasks */ = {
			isa = PBXGroup;
			children = (
				DE2F546D29AAE62000805518 /* TasksViewModel.swift */,
				DE2F547429AAE97E00805518 /* UploadTaskViewModel.swift */,
			);
			path = Tasks;
			sourceTree = "<group>";
		};
		DE2F547129AAE8B800805518 /* Util */ = {
			isa = PBXGroup;
			children = (
				DE2F547229AAE90300805518 /* Constants.swift */,
			);
			path = Util;
			sourceTree = "<group>";
		};
		DEFA4B7B29AFEF0600F2FCD8 /* Screens */ = {
			isa = PBXGroup;
			children = (
				DEFA4B7E29B000CD00F2FCD8 /* FocusNow */,
			);
			path = Screens;
			sourceTree = "<group>";
		};
		DEFA4B7E29B000CD00F2FCD8 /* FocusNow */ = {
			isa = PBXGroup;
			children = (
				DEFA4B7C29AFEF2B00F2FCD8 /* FocusNow.swift */,
				DEFA4B7F29B000DB00F2FCD8 /* WorkoutNow.swift */,
			);
			path = FocusNow;
			sourceTree = "<group>";
		};
/* End PBXGroup section */

/* Begin PBXNativeTarget section */
		DE2F53DE29A9CC7A00805518 /* Molinar */ = {
			isa = PBXNativeTarget;
			buildConfigurationList = DE2F53ED29A9CC7D00805518 /* Build configuration list for PBXNativeTarget "Molinar" */;
			buildPhases = (
				DE2F53DB29A9CC7A00805518 /* Sources */,
				DE2F53DC29A9CC7A00805518 /* Frameworks */,
				DE2F53DD29A9CC7A00805518 /* Resources */,
				DE2F53FC29AAC7EE00805518 /* Embed Frameworks */,
			);
			buildRules = (
			);
			dependencies = (
			);
			name = Molinar;
			packageProductDependencies = (
				DE2F540B29AACB8400805518 /* FirebaseAuth */,
				DE2F540D29AACB8400805518 /* FirebaseFirestore */,
				DE2F540F29AACB8400805518 /* FirebaseFunctions */,
				DE2F541129AACB8500805518 /* FirebaseStorage */,
			);
			productName = Molinar;
			productReference = DE2F53DF29A9CC7A00805518 /* Molinar.app */;
			productType = "com.apple.product-type.application";
		};
/* End PBXNativeTarget section */

/* Begin PBXProject section */
		DE2F53D729A9CC7900805518 /* Project object */ = {
			isa = PBXProject;
			attributes = {
				BuildIndependentTargetsInParallel = 1;
				LastSwiftUpdateCheck = 1420;
				LastUpgradeCheck = 1420;
				TargetAttributes = {
					DE2F53DE29A9CC7A00805518 = {
						CreatedOnToolsVersion = 14.2;
					};
				};
			};
			buildConfigurationList = DE2F53DA29A9CC7900805518 /* Build configuration list for PBXProject "Molinar" */;
			compatibilityVersion = "Xcode 14.0";
			developmentRegion = en;
			hasScannedForEncodings = 0;
			knownRegions = (
				en,
				Base,
			);
			mainGroup = DE2F53D629A9CC7900805518;
			packageReferences = (
				DE2F540A29AACB8400805518 /* XCRemoteSwiftPackageReference "firebase-ios-sdk" */,
			);
			productRefGroup = DE2F53E029A9CC7A00805518 /* Products */;
			projectDirPath = "";
			projectRoot = "";
			targets = (
				DE2F53DE29A9CC7A00805518 /* Molinar */,
			);
		};
/* End PBXProject section */

/* Begin PBXResourcesBuildPhase section */
		DE2F53DD29A9CC7A00805518 /* Resources */ = {
			isa = PBXResourcesBuildPhase;
			buildActionMask = 2147483647;
			files = (
				DE2F53EA29A9CC7D00805518 /* Preview Assets.xcassets in Resources */,
				DE2F542329AADB3B00805518 /* GoogleService-Info.plist in Resources */,
				DE2F53E729A9CC7D00805518 /* Assets.xcassets in Resources */,
			);
			runOnlyForDeploymentPostprocessing = 0;
		};
/* End PBXResourcesBuildPhase section */

/* Begin PBXSourcesBuildPhase section */
		DE2F53DB29A9CC7A00805518 /* Sources */ = {
			isa = PBXSourcesBuildPhase;
			buildActionMask = 2147483647;
			files = (
				DE2F543C29AAE06A00805518 /* PickerSectionView.swift in Sources */,
				DE2F545329AAE0E000805518 /* Extensions.swift in Sources */,
				DE2F546729AAE14200805518 /* RecommendedEvents.swift in Sources */,
				DE2F546629AAE14200805518 /* SwiftUIView.swift in Sources */,
				DE2F542029AAD3D200805518 /* CustomSecureField.swift in Sources */,
				DE2F545A29AAE10700805518 /* WorkspaceScreenContent.swift in Sources */,
				DE2F546529AAE14200805518 /* ScheduleHeadline.swift in Sources */,
				DE2F546E29AAE62000805518 /* TasksViewModel.swift in Sources */,
				DE2F541E29AAD31D00805518 /* CustomTextField.swift in Sources */,
				DE2F542B29AADDE800805518 /* FilterLabels.swift in Sources */,
				DE2F546329AAE14200805518 /* SearchBar.swift in Sources */,
				DE2F543F29AAE06A00805518 /* FutureView.swift in Sources */,
				DE2F547529AAE97E00805518 /* UploadTaskViewModel.swift in Sources */,
				DE2F546829AAE14200805518 /* Handle.swift in Sources */,
				DEFA4B7D29AFEF2B00F2FCD8 /* FocusNow.swift in Sources */,
				DE2F541629AACE7B00805518 /* AuthViewModel.swift in Sources */,
				DE2F53E529A9CC7A00805518 /* ContentView.swift in Sources */,
				DE2F546B29AAE16E00805518 /* HomeScreenContent.swift in Sources */,
				DE2F546929AAE14200805518 /* NewsHeadline.swift in Sources */,
				DE2F544E29AAE0B200805518 /* MeScreenContent.swift in Sources */,
				DE2F544629AAE0AA00805518 /* FriendView.swift in Sources */,
				DE2F53E329A9CC7A00805518 /* MolinarApp.swift in Sources */,
				DE2F545929AAE10700805518 /* WorkspaceView.swift in Sources */,
				DE2F541B29AACF8800805518 /* RegisterView.swift in Sources */,
				DE2F543D29AAE06A00805518 /* ProjectsSectionHeader.swift in Sources */,
				DE2F542F29AADFFE00805518 /* RecommendedSheetView.swift in Sources */,
				DE2F547329AAE90300805518 /* Constants.swift in Sources */,
				DE2F545529AAE0E700805518 /* Icons.swift in Sources */,
				DE2F544D29AAE0B200805518 /* MeView.swift in Sources */,
				DE2F544229AAE07F00805518 /* NowView.swift in Sources */,
				DEFA4B8029B000DB00F2FCD8 /* WorkoutNow.swift in Sources */,
				DE2F543A29AAE06A00805518 /* AddTaskSheet.swift in Sources */,
				DE2F542D29AADFBF00805518 /* BottomSheetViewModel.swift in Sources */,
				DE2F541929AACF7D00805518 /* LoginView.swift in Sources */,
				DE2F542829AADDC300805518 /* MapboxViewModel.swift in Sources */,
				DE2F542629AADD2700805518 /* MapboxView.swift in Sources */,
				DE2F547029AAE67A00805518 /* Task.swift in Sources */,
				DE2F543B29AAE06A00805518 /* LocationHeader.swift in Sources */,
				DE2F546429AAE14200805518 /* BottomSheet.swift in Sources */,
				DE2F543E29AAE06A00805518 /* TaskCell.swift in Sources */,
				DE2F544C29AAE0B200805518 /* EnergyGraphView.swift in Sources */,
				DE2F544729AAE0AA00805518 /* UserCell.swift in Sources */,
				DE2F545129AAE0BC00805518 /* NewsCell.swift in Sources */,
				DE2F540929AACA9700805518 /* User.swift in Sources */,
			);
			runOnlyForDeploymentPostprocessing = 0;
		};
/* End PBXSourcesBuildPhase section */

/* Begin XCBuildConfiguration section */
		DE2F53EB29A9CC7D00805518 /* Debug */ = {
			isa = XCBuildConfiguration;
			buildSettings = {
				ALWAYS_SEARCH_USER_PATHS = NO;
				CLANG_ANALYZER_NONNULL = YES;
				CLANG_ANALYZER_NUMBER_OBJECT_CONVERSION = YES_AGGRESSIVE;
				CLANG_CXX_LANGUAGE_STANDARD = "gnu++20";
				CLANG_ENABLE_MODULES = YES;
				CLANG_ENABLE_OBJC_ARC = YES;
				CLANG_ENABLE_OBJC_WEAK = YES;
				CLANG_WARN_BLOCK_CAPTURE_AUTORELEASING = YES;
				CLANG_WARN_BOOL_CONVERSION = YES;
				CLANG_WARN_COMMA = YES;
				CLANG_WARN_CONSTANT_CONVERSION = YES;
				CLANG_WARN_DEPRECATED_OBJC_IMPLEMENTATIONS = YES;
				CLANG_WARN_DIRECT_OBJC_ISA_USAGE = YES_ERROR;
				CLANG_WARN_DOCUMENTATION_COMMENTS = YES;
				CLANG_WARN_EMPTY_BODY = YES;
				CLANG_WARN_ENUM_CONVERSION = YES;
				CLANG_WARN_INFINITE_RECURSION = YES;
				CLANG_WARN_INT_CONVERSION = YES;
				CLANG_WARN_NON_LITERAL_NULL_CONVERSION = YES;
				CLANG_WARN_OBJC_IMPLICIT_RETAIN_SELF = YES;
				CLANG_WARN_OBJC_LITERAL_CONVERSION = YES;
				CLANG_WARN_OBJC_ROOT_CLASS = YES_ERROR;
				CLANG_WARN_QUOTED_INCLUDE_IN_FRAMEWORK_HEADER = YES;
				CLANG_WARN_RANGE_LOOP_ANALYSIS = YES;
				CLANG_WARN_STRICT_PROTOTYPES = YES;
				CLANG_WARN_SUSPICIOUS_MOVE = YES;
				CLANG_WARN_UNGUARDED_AVAILABILITY = YES_AGGRESSIVE;
				CLANG_WARN_UNREACHABLE_CODE = YES;
				CLANG_WARN__DUPLICATE_METHOD_MATCH = YES;
				COPY_PHASE_STRIP = NO;
				DEBUG_INFORMATION_FORMAT = dwarf;
				ENABLE_STRICT_OBJC_MSGSEND = YES;
				ENABLE_TESTABILITY = YES;
				GCC_C_LANGUAGE_STANDARD = gnu11;
				GCC_DYNAMIC_NO_PIC = NO;
				GCC_NO_COMMON_BLOCKS = YES;
				GCC_OPTIMIZATION_LEVEL = 0;
				GCC_PREPROCESSOR_DEFINITIONS = (
					"DEBUG=1",
					"$(inherited)",
				);
				GCC_WARN_64_TO_32_BIT_CONVERSION = YES;
				GCC_WARN_ABOUT_RETURN_TYPE = YES_ERROR;
				GCC_WARN_UNDECLARED_SELECTOR = YES;
				GCC_WARN_UNINITIALIZED_AUTOS = YES_AGGRESSIVE;
				GCC_WARN_UNUSED_FUNCTION = YES;
				GCC_WARN_UNUSED_VARIABLE = YES;
				IPHONEOS_DEPLOYMENT_TARGET = 16.2;
				MTL_ENABLE_DEBUG_INFO = INCLUDE_SOURCE;
				MTL_FAST_MATH = YES;
				ONLY_ACTIVE_ARCH = YES;
				SDKROOT = iphoneos;
				SWIFT_ACTIVE_COMPILATION_CONDITIONS = DEBUG;
				SWIFT_OPTIMIZATION_LEVEL = "-Onone";
			};
			name = Debug;
		};
		DE2F53EC29A9CC7D00805518 /* Release */ = {
			isa = XCBuildConfiguration;
			buildSettings = {
				ALWAYS_SEARCH_USER_PATHS = NO;
				CLANG_ANALYZER_NONNULL = YES;
				CLANG_ANALYZER_NUMBER_OBJECT_CONVERSION = YES_AGGRESSIVE;
				CLANG_CXX_LANGUAGE_STANDARD = "gnu++20";
				CLANG_ENABLE_MODULES = YES;
				CLANG_ENABLE_OBJC_ARC = YES;
				CLANG_ENABLE_OBJC_WEAK = YES;
				CLANG_WARN_BLOCK_CAPTURE_AUTORELEASING = YES;
				CLANG_WARN_BOOL_CONVERSION = YES;
				CLANG_WARN_COMMA = YES;
				CLANG_WARN_CONSTANT_CONVERSION = YES;
				CLANG_WARN_DEPRECATED_OBJC_IMPLEMENTATIONS = YES;
				CLANG_WARN_DIRECT_OBJC_ISA_USAGE = YES_ERROR;
				CLANG_WARN_DOCUMENTATION_COMMENTS = YES;
				CLANG_WARN_EMPTY_BODY = YES;
				CLANG_WARN_ENUM_CONVERSION = YES;
				CLANG_WARN_INFINITE_RECURSION = YES;
				CLANG_WARN_INT_CONVERSION = YES;
				CLANG_WARN_NON_LITERAL_NULL_CONVERSION = YES;
				CLANG_WARN_OBJC_IMPLICIT_RETAIN_SELF = YES;
				CLANG_WARN_OBJC_LITERAL_CONVERSION = YES;
				CLANG_WARN_OBJC_ROOT_CLASS = YES_ERROR;
				CLANG_WARN_QUOTED_INCLUDE_IN_FRAMEWORK_HEADER = YES;
				CLANG_WARN_RANGE_LOOP_ANALYSIS = YES;
				CLANG_WARN_STRICT_PROTOTYPES = YES;
				CLANG_WARN_SUSPICIOUS_MOVE = YES;
				CLANG_WARN_UNGUARDED_AVAILABILITY = YES_AGGRESSIVE;
				CLANG_WARN_UNREACHABLE_CODE = YES;
				CLANG_WARN__DUPLICATE_METHOD_MATCH = YES;
				COPY_PHASE_STRIP = NO;
				DEBUG_INFORMATION_FORMAT = "dwarf-with-dsym";
				ENABLE_NS_ASSERTIONS = NO;
				ENABLE_STRICT_OBJC_MSGSEND = YES;
				GCC_C_LANGUAGE_STANDARD = gnu11;
				GCC_NO_COMMON_BLOCKS = YES;
				GCC_WARN_64_TO_32_BIT_CONVERSION = YES;
				GCC_WARN_ABOUT_RETURN_TYPE = YES_ERROR;
				GCC_WARN_UNDECLARED_SELECTOR = YES;
				GCC_WARN_UNINITIALIZED_AUTOS = YES_AGGRESSIVE;
				GCC_WARN_UNUSED_FUNCTION = YES;
				GCC_WARN_UNUSED_VARIABLE = YES;
				IPHONEOS_DEPLOYMENT_TARGET = 16.2;
				MTL_ENABLE_DEBUG_INFO = NO;
				MTL_FAST_MATH = YES;
				SDKROOT = iphoneos;
				SWIFT_COMPILATION_MODE = wholemodule;
				SWIFT_OPTIMIZATION_LEVEL = "-O";
				VALIDATE_PRODUCT = YES;
			};
			name = Release;
		};
		DE2F53EE29A9CC7D00805518 /* Debug */ = {
			isa = XCBuildConfiguration;
			buildSettings = {
				ASSETCATALOG_COMPILER_APPICON_NAME = AppIcon;
				ASSETCATALOG_COMPILER_GLOBAL_ACCENT_COLOR_NAME = AccentColor;
				CODE_SIGN_STYLE = Automatic;
				CURRENT_PROJECT_VERSION = 1;
				DEVELOPMENT_ASSET_PATHS = "\"Molinar/Preview Content\"";
				DEVELOPMENT_TEAM = F88F3V85M7;
				ENABLE_PREVIEWS = YES;
				GENERATE_INFOPLIST_FILE = YES;
				INFOPLIST_KEY_UIApplicationSceneManifest_Generation = YES;
				INFOPLIST_KEY_UIApplicationSupportsIndirectInputEvents = YES;
				INFOPLIST_KEY_UILaunchScreen_Generation = YES;
				INFOPLIST_KEY_UISupportedInterfaceOrientations_iPad = "UIInterfaceOrientationPortrait UIInterfaceOrientationPortraitUpsideDown UIInterfaceOrientationLandscapeLeft UIInterfaceOrientationLandscapeRight";
				INFOPLIST_KEY_UISupportedInterfaceOrientations_iPhone = "UIInterfaceOrientationPortrait UIInterfaceOrientationLandscapeLeft UIInterfaceOrientationLandscapeRight";
				LD_RUNPATH_SEARCH_PATHS = (
					"$(inherited)",
					"@executable_path/Frameworks",
				);
				MARKETING_VERSION = 1.0;
				PRODUCT_BUNDLE_IDENTIFIER = co.molinar.Molinar;
				PRODUCT_NAME = "$(TARGET_NAME)";
				SWIFT_EMIT_LOC_STRINGS = YES;
				SWIFT_VERSION = 5.0;
				TARGETED_DEVICE_FAMILY = "1,2";
			};
			name = Debug;
		};
		DE2F53EF29A9CC7D00805518 /* Release */ = {
			isa = XCBuildConfiguration;
			buildSettings = {
				ASSETCATALOG_COMPILER_APPICON_NAME = AppIcon;
				ASSETCATALOG_COMPILER_GLOBAL_ACCENT_COLOR_NAME = AccentColor;
				CODE_SIGN_STYLE = Automatic;
				CURRENT_PROJECT_VERSION = 1;
				DEVELOPMENT_ASSET_PATHS = "\"Molinar/Preview Content\"";
				DEVELOPMENT_TEAM = F88F3V85M7;
				ENABLE_PREVIEWS = YES;
				GENERATE_INFOPLIST_FILE = YES;
				INFOPLIST_KEY_UIApplicationSceneManifest_Generation = YES;
				INFOPLIST_KEY_UIApplicationSupportsIndirectInputEvents = YES;
				INFOPLIST_KEY_UILaunchScreen_Generation = YES;
				INFOPLIST_KEY_UISupportedInterfaceOrientations_iPad = "UIInterfaceOrientationPortrait UIInterfaceOrientationPortraitUpsideDown UIInterfaceOrientationLandscapeLeft UIInterfaceOrientationLandscapeRight";
				INFOPLIST_KEY_UISupportedInterfaceOrientations_iPhone = "UIInterfaceOrientationPortrait UIInterfaceOrientationLandscapeLeft UIInterfaceOrientationLandscapeRight";
				LD_RUNPATH_SEARCH_PATHS = (
					"$(inherited)",
					"@executable_path/Frameworks",
				);
				MARKETING_VERSION = 1.0;
				PRODUCT_BUNDLE_IDENTIFIER = co.molinar.Molinar;
				PRODUCT_NAME = "$(TARGET_NAME)";
				SWIFT_EMIT_LOC_STRINGS = YES;
				SWIFT_VERSION = 5.0;
				TARGETED_DEVICE_FAMILY = "1,2";
			};
			name = Release;
		};
/* End XCBuildConfiguration section */

/* Begin XCConfigurationList section */
		DE2F53DA29A9CC7900805518 /* Build configuration list for PBXProject "Molinar" */ = {
			isa = XCConfigurationList;
			buildConfigurations = (
				DE2F53EB29A9CC7D00805518 /* Debug */,
				DE2F53EC29A9CC7D00805518 /* Release */,
			);
			defaultConfigurationIsVisible = 0;
			defaultConfigurationName = Release;
		};
		DE2F53ED29A9CC7D00805518 /* Build configuration list for PBXNativeTarget "Molinar" */ = {
			isa = XCConfigurationList;
			buildConfigurations = (
				DE2F53EE29A9CC7D00805518 /* Debug */,
				DE2F53EF29A9CC7D00805518 /* Release */,
			);
			defaultConfigurationIsVisible = 0;
			defaultConfigurationName = Release;
		};
/* End XCConfigurationList section */

/* Begin XCRemoteSwiftPackageReference section */
		DE2F540A29AACB8400805518 /* XCRemoteSwiftPackageReference "firebase-ios-sdk" */ = {
			isa = XCRemoteSwiftPackageReference;
			repositoryURL = "https://github.com/firebase/firebase-ios-sdk";
			requirement = {
				kind = upToNextMajorVersion;
				minimumVersion = 9.0.0;
			};
		};
/* End XCRemoteSwiftPackageReference section */

/* Begin XCSwiftPackageProductDependency section */
		DE2F540B29AACB8400805518 /* FirebaseAuth */ = {
			isa = XCSwiftPackageProductDependency;
			package = DE2F540A29AACB8400805518 /* XCRemoteSwiftPackageReference "firebase-ios-sdk" */;
			productName = FirebaseAuth;
		};
		DE2F540D29AACB8400805518 /* FirebaseFirestore */ = {
			isa = XCSwiftPackageProductDependency;
			package = DE2F540A29AACB8400805518 /* XCRemoteSwiftPackageReference "firebase-ios-sdk" */;
			productName = FirebaseFirestore;
		};
		DE2F540F29AACB8400805518 /* FirebaseFunctions */ = {
			isa = XCSwiftPackageProductDependency;
			package = DE2F540A29AACB8400805518 /* XCRemoteSwiftPackageReference "firebase-ios-sdk" */;
			productName = FirebaseFunctions;
		};
		DE2F541129AACB8500805518 /* FirebaseStorage */ = {
			isa = XCSwiftPackageProductDependency;
			package = DE2F540A29AACB8400805518 /* XCRemoteSwiftPackageReference "firebase-ios-sdk" */;
			productName = FirebaseStorage;
		};
/* End XCSwiftPackageProductDependency section */
	};
	rootObject = DE2F53D729A9CC7900805518 /* Project object */;
}
